// !$*UTF8*$!
{
	archiveVersion = 1;
	classes = {
	};
	objectVersion = 46;
	objects = {

/* Begin PBXBuildFile section */
		85F417CF1C59188E0099F569 /* GTMNSString+HTML.h in Headers */ = {isa = PBXBuildFile; fileRef = 85F417CD1C59188E0099F569 /* GTMNSString+HTML.h */; };
		85F417D01C59188E0099F569 /* GTMNSString+HTML.m in Sources */ = {isa = PBXBuildFile; fileRef = 85F417CE1C59188E0099F569 /* GTMNSString+HTML.m */; settings = {COMPILER_FLAGS = "-fno-objc-arc"; }; };
		85F417D21C5918AB0099F569 /* GTMDefines.h in Headers */ = {isa = PBXBuildFile; fileRef = 85F417D11C5918AB0099F569 /* GTMDefines.h */; };
		E9CD1BE519F05A6300034087 /* ObjectiveGumbo.m in Sources */ = {isa = PBXBuildFile; fileRef = E9D81EDC19F00FC30012D908 /* ObjectiveGumbo.m */; };
		E9CD1BE619F05A6300034087 /* OGElement.m in Sources */ = {isa = PBXBuildFile; fileRef = E9D81EE019F00FC30012D908 /* OGElement.m */; };
		E9CD1BE719F05A6300034087 /* NSString+OG.m in Sources */ = {isa = PBXBuildFile; fileRef = E9D81EDB19F00FC30012D908 /* NSString+OG.m */; };
		E9CD1BE819F05A6300034087 /* OGDocument.m in Sources */ = {isa = PBXBuildFile; fileRef = E9D81EDE19F00FC30012D908 /* OGDocument.m */; };
		E9CD1BE919F05A6300034087 /* OGNode.m in Sources */ = {isa = PBXBuildFile; fileRef = E9D81EE219F00FC30012D908 /* OGNode.m */; };
		E9CD1BEA19F05A6300034087 /* OGText.m in Sources */ = {isa = PBXBuildFile; fileRef = E9D81EE419F00FC30012D908 /* OGText.m */; };
		E9CD1BEB19F05A6300034087 /* OGTypes.m in Sources */ = {isa = PBXBuildFile; fileRef = E9D81EE619F00FC30012D908 /* OGTypes.m */; };
		E9CD1BEC19F05A6300034087 /* attribute.c in Sources */ = {isa = PBXBuildFile; fileRef = E9D81EA619F00F560012D908 /* attribute.c */; settings = {COMPILER_FLAGS = "-w"; }; };
		E9CD1BED19F05A6300034087 /* char_ref.c in Sources */ = {isa = PBXBuildFile; fileRef = E9D81EA819F00F560012D908 /* char_ref.c */; settings = {COMPILER_FLAGS = "-w"; }; };
		E9CD1BEE19F05A6300034087 /* error.c in Sources */ = {isa = PBXBuildFile; fileRef = E9D81EAB19F00F560012D908 /* error.c */; settings = {COMPILER_FLAGS = "-w"; }; };
		E9CD1BEF19F05A6300034087 /* parser.c in Sources */ = {isa = PBXBuildFile; fileRef = E9D81EAF19F00F560012D908 /* parser.c */; settings = {COMPILER_FLAGS = "-w"; }; };
		E9CD1BF019F05A6300034087 /* string_buffer.c in Sources */ = {isa = PBXBuildFile; fileRef = E9D81EB119F00F560012D908 /* string_buffer.c */; settings = {COMPILER_FLAGS = "-w"; }; };
		E9CD1BF119F05A6300034087 /* string_piece.c in Sources */ = {isa = PBXBuildFile; fileRef = E9D81EB319F00F560012D908 /* string_piece.c */; settings = {COMPILER_FLAGS = "-w"; }; };
		E9CD1BF219F05A6300034087 /* tag.c in Sources */ = {isa = PBXBuildFile; fileRef = E9D81EB519F00F560012D908 /* tag.c */; settings = {COMPILER_FLAGS = "-w"; }; };
		E9CD1BF319F05A6300034087 /* tokenizer.c in Sources */ = {isa = PBXBuildFile; fileRef = E9D81EB719F00F560012D908 /* tokenizer.c */; settings = {COMPILER_FLAGS = "-w"; }; };
		E9CD1BF419F05A6300034087 /* utf8.c in Sources */ = {isa = PBXBuildFile; fileRef = E9D81EBA19F00F560012D908 /* utf8.c */; settings = {COMPILER_FLAGS = "-w"; }; };
		E9CD1BF519F05A6300034087 /* util.c in Sources */ = {isa = PBXBuildFile; fileRef = E9D81EBC19F00F560012D908 /* util.c */; settings = {COMPILER_FLAGS = "-w"; }; };
		E9CD1BF619F05A6300034087 /* vector.c in Sources */ = {isa = PBXBuildFile; fileRef = E9D81EBE19F00F560012D908 /* vector.c */; settings = {COMPILER_FLAGS = "-w"; }; };
		E9CD1BF719F05A8500034087 /* _OGMutableElement.h in Headers */ = {isa = PBXBuildFile; fileRef = E9D81F4D19F038550012D908 /* _OGMutableElement.h */; };
		E9CD1BF819F05A8500034087 /* _OGMutableNode.h in Headers */ = {isa = PBXBuildFile; fileRef = E9D81F5419F03DD80012D908 /* _OGMutableNode.h */; };
		E9CD1BF919F05A8500034087 /* ObjectiveGumbo.h in Headers */ = {isa = PBXBuildFile; fileRef = E9D81E9119F00E520012D908 /* ObjectiveGumbo.h */; settings = {ATTRIBUTES = (Public, ); }; };
		E9CD1BFA19F05A8500034087 /* OGElement.h in Headers */ = {isa = PBXBuildFile; fileRef = E9D81EDF19F00FC30012D908 /* OGElement.h */; settings = {ATTRIBUTES = (Public, ); }; };
		E9CD1BFB19F05A8500034087 /* NSString+OG.h in Headers */ = {isa = PBXBuildFile; fileRef = E9D81EDA19F00FC30012D908 /* NSString+OG.h */; settings = {ATTRIBUTES = (Public, ); }; };
		E9CD1BFC19F05A8500034087 /* OGDocument.h in Headers */ = {isa = PBXBuildFile; fileRef = E9D81EDD19F00FC30012D908 /* OGDocument.h */; settings = {ATTRIBUTES = (Public, ); }; };
		E9CD1BFD19F05A8500034087 /* OGNode.h in Headers */ = {isa = PBXBuildFile; fileRef = E9D81EE119F00FC30012D908 /* OGNode.h */; settings = {ATTRIBUTES = (Public, ); }; };
		E9CD1BFE19F05A8500034087 /* OGText.h in Headers */ = {isa = PBXBuildFile; fileRef = E9D81EE319F00FC30012D908 /* OGText.h */; settings = {ATTRIBUTES = (Public, ); }; };
		E9CD1BFF19F05A8500034087 /* OGTypes.h in Headers */ = {isa = PBXBuildFile; fileRef = E9D81F4A19F01CF80012D908 /* OGTypes.h */; settings = {ATTRIBUTES = (Public, ); }; };
		E9CD1C0019F05A8500034087 /* attribute.h in Headers */ = {isa = PBXBuildFile; fileRef = E9D81EA719F00F560012D908 /* attribute.h */; };
		E9CD1C0119F05A8500034087 /* char_ref.h in Headers */ = {isa = PBXBuildFile; fileRef = E9D81EA919F00F560012D908 /* char_ref.h */; };
		E9CD1C0219F05A8500034087 /* error.h in Headers */ = {isa = PBXBuildFile; fileRef = E9D81EAC19F00F560012D908 /* error.h */; };
		E9CD1C0319F05A8500034087 /* gumbo.h in Headers */ = {isa = PBXBuildFile; fileRef = E9D81EAD19F00F560012D908 /* gumbo.h */; };
		E9CD1C0419F05A8500034087 /* insertion_mode.h in Headers */ = {isa = PBXBuildFile; fileRef = E9D81EAE19F00F560012D908 /* insertion_mode.h */; };
		E9CD1C0519F05A8500034087 /* parser.h in Headers */ = {isa = PBXBuildFile; fileRef = E9D81EB019F00F560012D908 /* parser.h */; };
		E9CD1C0619F05A8500034087 /* string_buffer.h in Headers */ = {isa = PBXBuildFile; fileRef = E9D81EB219F00F560012D908 /* string_buffer.h */; };
		E9CD1C0719F05A8500034087 /* string_piece.h in Headers */ = {isa = PBXBuildFile; fileRef = E9D81EB419F00F560012D908 /* string_piece.h */; };
		E9CD1C0819F05A8500034087 /* token_type.h in Headers */ = {isa = PBXBuildFile; fileRef = E9D81EB619F00F560012D908 /* token_type.h */; };
		E9CD1C0919F05A8500034087 /* tokenizer.h in Headers */ = {isa = PBXBuildFile; fileRef = E9D81EB819F00F560012D908 /* tokenizer.h */; };
		E9CD1C0A19F05A8500034087 /* tokenizer_states.h in Headers */ = {isa = PBXBuildFile; fileRef = E9D81EB919F00F560012D908 /* tokenizer_states.h */; };
		E9CD1C0B19F05A8500034087 /* utf8.h in Headers */ = {isa = PBXBuildFile; fileRef = E9D81EBB19F00F560012D908 /* utf8.h */; };
		E9CD1C0C19F05A8500034087 /* util.h in Headers */ = {isa = PBXBuildFile; fileRef = E9D81EBD19F00F560012D908 /* util.h */; };
		E9CD1C0D19F05A8500034087 /* vector.h in Headers */ = {isa = PBXBuildFile; fileRef = E9D81EBF19F00F560012D908 /* vector.h */; };
/* End PBXBuildFile section */

/* Begin PBXFileReference section */
		85F417CD1C59188E0099F569 /* GTMNSString+HTML.h */ = {isa = PBXFileReference; fileEncoding = 4; lastKnownFileType = sourcecode.c.h; path = "GTMNSString+HTML.h"; sourceTree = "<group>"; };
		85F417CE1C59188E0099F569 /* GTMNSString+HTML.m */ = {isa = PBXFileReference; fileEncoding = 4; lastKnownFileType = sourcecode.c.objc; path = "GTMNSString+HTML.m"; sourceTree = "<group>"; };
		85F417D11C5918AB0099F569 /* GTMDefines.h */ = {isa = PBXFileReference; fileEncoding = 4; lastKnownFileType = sourcecode.c.h; path = GTMDefines.h; sourceTree = "<group>"; };
		E9CD1BCF19F05A4500034087 /* ObjectiveGumbo.framework */ = {isa = PBXFileReference; explicitFileType = wrapper.framework; includeInIndex = 0; path = ObjectiveGumbo.framework; sourceTree = BUILT_PRODUCTS_DIR; };
		E9CD1BD219F05A4500034087 /* Info.plist */ = {isa = PBXFileReference; lastKnownFileType = text.plist.xml; path = Info.plist; sourceTree = "<group>"; };
		E9D81E9119F00E520012D908 /* ObjectiveGumbo.h */ = {isa = PBXFileReference; lastKnownFileType = sourcecode.c.h; path = ObjectiveGumbo.h; sourceTree = "<group>"; };
		E9D81EA619F00F560012D908 /* attribute.c */ = {isa = PBXFileReference; fileEncoding = 4; lastKnownFileType = sourcecode.c.c; path = attribute.c; sourceTree = "<group>"; };
		E9D81EA719F00F560012D908 /* attribute.h */ = {isa = PBXFileReference; fileEncoding = 4; lastKnownFileType = sourcecode.c.h; path = attribute.h; sourceTree = "<group>"; };
		E9D81EA819F00F560012D908 /* char_ref.c */ = {isa = PBXFileReference; fileEncoding = 4; lastKnownFileType = sourcecode.c.c; path = char_ref.c; sourceTree = "<group>"; };
		E9D81EA919F00F560012D908 /* char_ref.h */ = {isa = PBXFileReference; fileEncoding = 4; lastKnownFileType = sourcecode.c.h; path = char_ref.h; sourceTree = "<group>"; };
		E9D81EAB19F00F560012D908 /* error.c */ = {isa = PBXFileReference; fileEncoding = 4; lastKnownFileType = sourcecode.c.c; path = error.c; sourceTree = "<group>"; };
		E9D81EAC19F00F560012D908 /* error.h */ = {isa = PBXFileReference; fileEncoding = 4; lastKnownFileType = sourcecode.c.h; path = error.h; sourceTree = "<group>"; };
		E9D81EAD19F00F560012D908 /* gumbo.h */ = {isa = PBXFileReference; fileEncoding = 4; lastKnownFileType = sourcecode.c.h; path = gumbo.h; sourceTree = "<group>"; };
		E9D81EAE19F00F560012D908 /* insertion_mode.h */ = {isa = PBXFileReference; fileEncoding = 4; lastKnownFileType = sourcecode.c.h; path = insertion_mode.h; sourceTree = "<group>"; };
		E9D81EAF19F00F560012D908 /* parser.c */ = {isa = PBXFileReference; fileEncoding = 4; lastKnownFileType = sourcecode.c.c; path = parser.c; sourceTree = "<group>"; };
		E9D81EB019F00F560012D908 /* parser.h */ = {isa = PBXFileReference; fileEncoding = 4; lastKnownFileType = sourcecode.c.h; path = parser.h; sourceTree = "<group>"; };
		E9D81EB119F00F560012D908 /* string_buffer.c */ = {isa = PBXFileReference; fileEncoding = 4; lastKnownFileType = sourcecode.c.c; path = string_buffer.c; sourceTree = "<group>"; };
		E9D81EB219F00F560012D908 /* string_buffer.h */ = {isa = PBXFileReference; fileEncoding = 4; lastKnownFileType = sourcecode.c.h; path = string_buffer.h; sourceTree = "<group>"; };
		E9D81EB319F00F560012D908 /* string_piece.c */ = {isa = PBXFileReference; fileEncoding = 4; lastKnownFileType = sourcecode.c.c; path = string_piece.c; sourceTree = "<group>"; };
		E9D81EB419F00F560012D908 /* string_piece.h */ = {isa = PBXFileReference; fileEncoding = 4; lastKnownFileType = sourcecode.c.h; path = string_piece.h; sourceTree = "<group>"; };
		E9D81EB519F00F560012D908 /* tag.c */ = {isa = PBXFileReference; fileEncoding = 4; lastKnownFileType = sourcecode.c.c; path = tag.c; sourceTree = "<group>"; };
		E9D81EB619F00F560012D908 /* token_type.h */ = {isa = PBXFileReference; fileEncoding = 4; lastKnownFileType = sourcecode.c.h; path = token_type.h; sourceTree = "<group>"; };
		E9D81EB719F00F560012D908 /* tokenizer.c */ = {isa = PBXFileReference; fileEncoding = 4; lastKnownFileType = sourcecode.c.c; path = tokenizer.c; sourceTree = "<group>"; };
		E9D81EB819F00F560012D908 /* tokenizer.h */ = {isa = PBXFileReference; fileEncoding = 4; lastKnownFileType = sourcecode.c.h; path = tokenizer.h; sourceTree = "<group>"; };
		E9D81EB919F00F560012D908 /* tokenizer_states.h */ = {isa = PBXFileReference; fileEncoding = 4; lastKnownFileType = sourcecode.c.h; path = tokenizer_states.h; sourceTree = "<group>"; };
		E9D81EBA19F00F560012D908 /* utf8.c */ = {isa = PBXFileReference; fileEncoding = 4; lastKnownFileType = sourcecode.c.c; path = utf8.c; sourceTree = "<group>"; };
		E9D81EBB19F00F560012D908 /* utf8.h */ = {isa = PBXFileReference; fileEncoding = 4; lastKnownFileType = sourcecode.c.h; path = utf8.h; sourceTree = "<group>"; };
		E9D81EBC19F00F560012D908 /* util.c */ = {isa = PBXFileReference; fileEncoding = 4; lastKnownFileType = sourcecode.c.c; path = util.c; sourceTree = "<group>"; };
		E9D81EBD19F00F560012D908 /* util.h */ = {isa = PBXFileReference; fileEncoding = 4; lastKnownFileType = sourcecode.c.h; path = util.h; sourceTree = "<group>"; };
		E9D81EBE19F00F560012D908 /* vector.c */ = {isa = PBXFileReference; fileEncoding = 4; lastKnownFileType = sourcecode.c.c; path = vector.c; sourceTree = "<group>"; };
		E9D81EBF19F00F560012D908 /* vector.h */ = {isa = PBXFileReference; fileEncoding = 4; lastKnownFileType = sourcecode.c.h; path = vector.h; sourceTree = "<group>"; };
		E9D81EDA19F00FC30012D908 /* NSString+OG.h */ = {isa = PBXFileReference; fileEncoding = 4; lastKnownFileType = sourcecode.c.h; path = "NSString+OG.h"; sourceTree = "<group>"; };
		E9D81EDB19F00FC30012D908 /* NSString+OG.m */ = {isa = PBXFileReference; fileEncoding = 4; lastKnownFileType = sourcecode.c.objc; path = "NSString+OG.m"; sourceTree = "<group>"; };
		E9D81EDC19F00FC30012D908 /* ObjectiveGumbo.m */ = {isa = PBXFileReference; fileEncoding = 4; lastKnownFileType = sourcecode.c.objc; path = ObjectiveGumbo.m; sourceTree = "<group>"; };
		E9D81EDD19F00FC30012D908 /* OGDocument.h */ = {isa = PBXFileReference; fileEncoding = 4; lastKnownFileType = sourcecode.c.h; path = OGDocument.h; sourceTree = "<group>"; };
		E9D81EDE19F00FC30012D908 /* OGDocument.m */ = {isa = PBXFileReference; fileEncoding = 4; lastKnownFileType = sourcecode.c.objc; path = OGDocument.m; sourceTree = "<group>"; };
		E9D81EDF19F00FC30012D908 /* OGElement.h */ = {isa = PBXFileReference; fileEncoding = 4; lastKnownFileType = sourcecode.c.h; path = OGElement.h; sourceTree = "<group>"; };
		E9D81EE019F00FC30012D908 /* OGElement.m */ = {isa = PBXFileReference; fileEncoding = 4; lastKnownFileType = sourcecode.c.objc; path = OGElement.m; sourceTree = "<group>"; };
		E9D81EE119F00FC30012D908 /* OGNode.h */ = {isa = PBXFileReference; fileEncoding = 4; lastKnownFileType = sourcecode.c.h; path = OGNode.h; sourceTree = "<group>"; };
		E9D81EE219F00FC30012D908 /* OGNode.m */ = {isa = PBXFileReference; fileEncoding = 4; lastKnownFileType = sourcecode.c.objc; path = OGNode.m; sourceTree = "<group>"; };
		E9D81EE319F00FC30012D908 /* OGText.h */ = {isa = PBXFileReference; fileEncoding = 4; lastKnownFileType = sourcecode.c.h; path = OGText.h; sourceTree = "<group>"; };
		E9D81EE419F00FC30012D908 /* OGText.m */ = {isa = PBXFileReference; fileEncoding = 4; lastKnownFileType = sourcecode.c.objc; path = OGText.m; sourceTree = "<group>"; };
		E9D81EE619F00FC30012D908 /* OGTypes.m */ = {isa = PBXFileReference; fileEncoding = 4; lastKnownFileType = sourcecode.c.objc; path = OGTypes.m; sourceTree = "<group>"; };
		E9D81F4A19F01CF80012D908 /* OGTypes.h */ = {isa = PBXFileReference; fileEncoding = 4; lastKnownFileType = sourcecode.c.h; path = OGTypes.h; sourceTree = "<group>"; };
		E9D81F4D19F038550012D908 /* _OGMutableElement.h */ = {isa = PBXFileReference; fileEncoding = 4; lastKnownFileType = sourcecode.c.h; path = _OGMutableElement.h; sourceTree = "<group>"; };
		E9D81F5419F03DD80012D908 /* _OGMutableNode.h */ = {isa = PBXFileReference; fileEncoding = 4; lastKnownFileType = sourcecode.c.h; path = _OGMutableNode.h; sourceTree = "<group>"; };
/* End PBXFileReference section */

/* Begin PBXFrameworksBuildPhase section */
		E9CD1BCB19F05A4500034087 /* Frameworks */ = {
			isa = PBXFrameworksBuildPhase;
			buildActionMask = 2147483647;
			files = (
			);
			runOnlyForDeploymentPostprocessing = 0;
		};
/* End PBXFrameworksBuildPhase section */

/* Begin PBXGroup section */
		85F417CB1C5918440099F569 /* google-toolbox-for-mac */ = {
			isa = PBXGroup;
			children = (
				85F417CC1C5918770099F569 /* Foundation */,
				85F417D11C5918AB0099F569 /* GTMDefines.h */,
			);
			name = "google-toolbox-for-mac";
			path = "../google-toolbox-for-mac";
			sourceTree = "<group>";
		};
		85F417CC1C5918770099F569 /* Foundation */ = {
			isa = PBXGroup;
			children = (
				85F417CD1C59188E0099F569 /* GTMNSString+HTML.h */,
				85F417CE1C59188E0099F569 /* GTMNSString+HTML.m */,
			);
			path = Foundation;
			sourceTree = "<group>";
		};
		E9CD1BD019F05A4500034087 /* ObjectiveGumbo */ = {
			isa = PBXGroup;
			children = (
				E9CD1BD119F05A4500034087 /* Supporting Files */,
			);
			path = ObjectiveGumbo;
			sourceTree = "<group>";
		};
		E9CD1BD119F05A4500034087 /* Supporting Files */ = {
			isa = PBXGroup;
			children = (
				E9CD1BD219F05A4500034087 /* Info.plist */,
			);
			name = "Supporting Files";
			sourceTree = "<group>";
		};
		E9D81E8219F00E520012D908 = {
			isa = PBXGroup;
			children = (
				E9D81E8E19F00E520012D908 /* ObjectiveGumbo */,
				E9CD1BD019F05A4500034087 /* ObjectiveGumbo */,
				E9D81E8D19F00E520012D908 /* Products */,
			);
			sourceTree = "<group>";
		};
		E9D81E8D19F00E520012D908 /* Products */ = {
			isa = PBXGroup;
			children = (
				E9CD1BCF19F05A4500034087 /* ObjectiveGumbo.framework */,
			);
			name = Products;
			sourceTree = "<group>";
		};
		E9D81E8E19F00E520012D908 /* ObjectiveGumbo */ = {
			isa = PBXGroup;
			children = (
				E9D81F5319F0385C0012D908 /* Private class extensions */,
				E9D81E9119F00E520012D908 /* ObjectiveGumbo.h */,
				E9D81EDC19F00FC30012D908 /* ObjectiveGumbo.m */,
				E9D81EDF19F00FC30012D908 /* OGElement.h */,
				E9D81EE019F00FC30012D908 /* OGElement.m */,
				E9D81EDA19F00FC30012D908 /* NSString+OG.h */,
				E9D81EDB19F00FC30012D908 /* NSString+OG.m */,
				E9D81EDD19F00FC30012D908 /* OGDocument.h */,
				E9D81EDE19F00FC30012D908 /* OGDocument.m */,
				E9D81EE119F00FC30012D908 /* OGNode.h */,
				E9D81EE219F00FC30012D908 /* OGNode.m */,
				E9D81EE319F00FC30012D908 /* OGText.h */,
				E9D81EE419F00FC30012D908 /* OGText.m */,
				E9D81F4A19F01CF80012D908 /* OGTypes.h */,
				E9D81EE619F00FC30012D908 /* OGTypes.m */,
				85F417CB1C5918440099F569 /* google-toolbox-for-mac */,
				E9D81EA519F00F560012D908 /* Gumbo */,
				E9D81E8F19F00E520012D908 /* Supporting Files */,
			);
			path = ObjectiveGumbo;
			sourceTree = "<group>";
		};
		E9D81E8F19F00E520012D908 /* Supporting Files */ = {
			isa = PBXGroup;
			children = (
			);
			name = "Supporting Files";
			sourceTree = "<group>";
		};
		E9D81EA519F00F560012D908 /* Gumbo */ = {
			isa = PBXGroup;
			children = (
				E9D81EA619F00F560012D908 /* attribute.c */,
				E9D81EA719F00F560012D908 /* attribute.h */,
				E9D81EA819F00F560012D908 /* char_ref.c */,
				E9D81EA919F00F560012D908 /* char_ref.h */,
				E9D81EAB19F00F560012D908 /* error.c */,
				E9D81EAC19F00F560012D908 /* error.h */,
				E9D81EAD19F00F560012D908 /* gumbo.h */,
				E9D81EAE19F00F560012D908 /* insertion_mode.h */,
				E9D81EAF19F00F560012D908 /* parser.c */,
				E9D81EB019F00F560012D908 /* parser.h */,
				E9D81EB119F00F560012D908 /* string_buffer.c */,
				E9D81EB219F00F560012D908 /* string_buffer.h */,
				E9D81EB319F00F560012D908 /* string_piece.c */,
				E9D81EB419F00F560012D908 /* string_piece.h */,
				E9D81EB519F00F560012D908 /* tag.c */,
				E9D81EB619F00F560012D908 /* token_type.h */,
				E9D81EB719F00F560012D908 /* tokenizer.c */,
				E9D81EB819F00F560012D908 /* tokenizer.h */,
				E9D81EB919F00F560012D908 /* tokenizer_states.h */,
				E9D81EBA19F00F560012D908 /* utf8.c */,
				E9D81EBB19F00F560012D908 /* utf8.h */,
				E9D81EBC19F00F560012D908 /* util.c */,
				E9D81EBD19F00F560012D908 /* util.h */,
				E9D81EBE19F00F560012D908 /* vector.c */,
				E9D81EBF19F00F560012D908 /* vector.h */,
			);
			name = Gumbo;
			path = Gumbo/src;
			sourceTree = SOURCE_ROOT;
		};
		E9D81F5319F0385C0012D908 /* Private class extensions */ = {
			isa = PBXGroup;
			children = (
				E9D81F4D19F038550012D908 /* _OGMutableElement.h */,
				E9D81F5419F03DD80012D908 /* _OGMutableNode.h */,
			);
			name = "Private class extensions";
			sourceTree = "<group>";
		};
/* End PBXGroup section */

/* Begin PBXHeadersBuildPhase section */
		E9CD1BCC19F05A4500034087 /* Headers */ = {
			isa = PBXHeadersBuildPhase;
			buildActionMask = 2147483647;
			files = (
				E9CD1BF919F05A8500034087 /* ObjectiveGumbo.h in Headers */,
				E9CD1BFA19F05A8500034087 /* OGElement.h in Headers */,
				E9CD1BFB19F05A8500034087 /* NSString+OG.h in Headers */,
				E9CD1BFC19F05A8500034087 /* OGDocument.h in Headers */,
				E9CD1BFD19F05A8500034087 /* OGNode.h in Headers */,
				E9CD1BFE19F05A8500034087 /* OGText.h in Headers */,
				E9CD1BFF19F05A8500034087 /* OGTypes.h in Headers */,
				E9CD1BF719F05A8500034087 /* _OGMutableElement.h in Headers */,
				E9CD1BF819F05A8500034087 /* _OGMutableNode.h in Headers */,
				E9CD1C0019F05A8500034087 /* attribute.h in Headers */,
				E9CD1C0119F05A8500034087 /* char_ref.h in Headers */,
				E9CD1C0219F05A8500034087 /* error.h in Headers */,
				85F417D21C5918AB0099F569 /* GTMDefines.h in Headers */,
				E9CD1C0319F05A8500034087 /* gumbo.h in Headers */,
				E9CD1C0419F05A8500034087 /* insertion_mode.h in Headers */,
				E9CD1C0519F05A8500034087 /* parser.h in Headers */,
				E9CD1C0619F05A8500034087 /* string_buffer.h in Headers */,
				85F417CF1C59188E0099F569 /* GTMNSString+HTML.h in Headers */,
				E9CD1C0719F05A8500034087 /* string_piece.h in Headers */,
				E9CD1C0819F05A8500034087 /* token_type.h in Headers */,
				E9CD1C0919F05A8500034087 /* tokenizer.h in Headers */,
				E9CD1C0A19F05A8500034087 /* tokenizer_states.h in Headers */,
				E9CD1C0B19F05A8500034087 /* utf8.h in Headers */,
				E9CD1C0C19F05A8500034087 /* util.h in Headers */,
				E9CD1C0D19F05A8500034087 /* vector.h in Headers */,
			);
			runOnlyForDeploymentPostprocessing = 0;
		};
/* End PBXHeadersBuildPhase section */

/* Begin PBXNativeTarget section */
		E9CD1BCE19F05A4500034087 /* ObjectiveGumbo */ = {
			isa = PBXNativeTarget;
			buildConfigurationList = E9CD1BDF19F05A4500034087 /* Build configuration list for PBXNativeTarget "ObjectiveGumbo" */;
			buildPhases = (
				E9CD1BCA19F05A4500034087 /* Sources */,
				E9CD1BCB19F05A4500034087 /* Frameworks */,
				E9CD1BCC19F05A4500034087 /* Headers */,
				E9CD1BCD19F05A4500034087 /* Resources */,
			);
			buildRules = (
			);
			dependencies = (
			);
			name = ObjectiveGumbo;
			productName = ObjectiveGumbo;
			productReference = E9CD1BCF19F05A4500034087 /* ObjectiveGumbo.framework */;
			productType = "com.apple.product-type.framework";
		};
/* End PBXNativeTarget section */

/* Begin PBXProject section */
		E9D81E8319F00E520012D908 /* Project object */ = {
			isa = PBXProject;
			attributes = {
				LastUpgradeCheck = 0600;
				ORGANIZATIONNAME = "Programming Thomas";
				TargetAttributes = {
					E9CD1BCE19F05A4500034087 = {
						CreatedOnToolsVersion = 6.0;
						DevelopmentTeam = XT4Q76JCC4;
					};
				};
			};
			buildConfigurationList = E9D81E8619F00E520012D908 /* Build configuration list for PBXProject "ObjectiveGumbo" */;
			compatibilityVersion = "Xcode 3.2";
			developmentRegion = English;
			hasScannedForEncodings = 0;
			knownRegions = (
				en,
			);
			mainGroup = E9D81E8219F00E520012D908;
			productRefGroup = E9D81E8D19F00E520012D908 /* Products */;
			projectDirPath = "";
			projectRoot = "";
			targets = (
				E9CD1BCE19F05A4500034087 /* ObjectiveGumbo */,
			);
		};
/* End PBXProject section */

/* Begin PBXResourcesBuildPhase section */
		E9CD1BCD19F05A4500034087 /* Resources */ = {
			isa = PBXResourcesBuildPhase;
			buildActionMask = 2147483647;
			files = (
			);
			runOnlyForDeploymentPostprocessing = 0;
		};
/* End PBXResourcesBuildPhase section */

/* Begin PBXSourcesBuildPhase section */
		E9CD1BCA19F05A4500034087 /* Sources */ = {
			isa = PBXSourcesBuildPhase;
			buildActionMask = 2147483647;
			files = (
				E9CD1BE519F05A6300034087 /* ObjectiveGumbo.m in Sources */,
				E9CD1BE619F05A6300034087 /* OGElement.m in Sources */,
				E9CD1BE719F05A6300034087 /* NSString+OG.m in Sources */,
				E9CD1BE819F05A6300034087 /* OGDocument.m in Sources */,
				E9CD1BE919F05A6300034087 /* OGNode.m in Sources */,
				E9CD1BEA19F05A6300034087 /* OGText.m in Sources */,
				E9CD1BEB19F05A6300034087 /* OGTypes.m in Sources */,
				E9CD1BEC19F05A6300034087 /* attribute.c in Sources */,
				E9CD1BED19F05A6300034087 /* char_ref.c in Sources */,
				E9CD1BEE19F05A6300034087 /* error.c in Sources */,
				85F417D01C59188E0099F569 /* GTMNSString+HTML.m in Sources */,
				E9CD1BEF19F05A6300034087 /* parser.c in Sources */,
				E9CD1BF019F05A6300034087 /* string_buffer.c in Sources */,
				E9CD1BF119F05A6300034087 /* string_piece.c in Sources */,
				E9CD1BF219F05A6300034087 /* tag.c in Sources */,
				E9CD1BF319F05A6300034087 /* tokenizer.c in Sources */,
				E9CD1BF419F05A6300034087 /* utf8.c in Sources */,
				E9CD1BF519F05A6300034087 /* util.c in Sources */,
				E9CD1BF619F05A6300034087 /* vector.c in Sources */,
			);
			runOnlyForDeploymentPostprocessing = 0;
		};
/* End PBXSourcesBuildPhase section */

/* Begin XCBuildConfiguration section */
		E9CD1BE019F05A4500034087 /* Debug */ = {
			isa = XCBuildConfiguration;
			buildSettings = {
				CODE_SIGN_IDENTITY = "iPhone Developer";
				"CODE_SIGN_IDENTITY[sdk=iphoneos*]" = "iPhone Developer";
				DEFINES_MODULE = YES;
				DYLIB_COMPATIBILITY_VERSION = 1;
				DYLIB_CURRENT_VERSION = 1;
				DYLIB_INSTALL_NAME_BASE = "@rpath";
				GCC_PREPROCESSOR_DEFINITIONS = (
					"DEBUG=1",
					"$(inherited)",
				);
				INFOPLIST_FILE = ObjectiveGumbo/Info.plist;
				INSTALL_PATH = "$(LOCAL_LIBRARY_DIR)/Frameworks";
				IPHONEOS_DEPLOYMENT_TARGET = 8.0;
				LD_RUNPATH_SEARCH_PATHS = "$(inherited) @executable_path/Frameworks @loader_path/Frameworks";
				PRODUCT_NAME = "$(TARGET_NAME)";
				SDKROOT = iphoneos;
				SKIP_INSTALL = YES;
				TARGETED_DEVICE_FAMILY = "1,2";
			};
			name = Debug;
		};
		E9CD1BE119F05A4500034087 /* Release */ = {
			isa = XCBuildConfiguration;
			buildSettings = {
				CODE_SIGN_IDENTITY = "iPhone Developer";
				"CODE_SIGN_IDENTITY[sdk=iphoneos*]" = "iPhone Developer";
				DEFINES_MODULE = YES;
				DYLIB_COMPATIBILITY_VERSION = 1;
				DYLIB_CURRENT_VERSION = 1;
				DYLIB_INSTALL_NAME_BASE = "@rpath";
				INFOPLIST_FILE = ObjectiveGumbo/Info.plist;
				INSTALL_PATH = "$(LOCAL_LIBRARY_DIR)/Frameworks";
				IPHONEOS_DEPLOYMENT_TARGET = 8.0;
				LD_RUNPATH_SEARCH_PATHS = "$(inherited) @executable_path/Frameworks @loader_path/Frameworks";
				PRODUCT_NAME = "$(TARGET_NAME)";
				SDKROOT = iphoneos;
				SKIP_INSTALL = YES;
				TARGETED_DEVICE_FAMILY = "1,2";
				VALIDATE_PRODUCT = YES;
			};
			name = Release;
		};
		E9D81E9D19F00E520012D908 /* Debug */ = {
			isa = XCBuildConfiguration;
			buildSettings = {
				ALWAYS_SEARCH_USER_PATHS = NO;
				CLANG_CXX_LANGUAGE_STANDARD = "gnu++0x";
				CLANG_CXX_LIBRARY = "libc++";
				CLANG_ENABLE_MODULES = YES;
				CLANG_ENABLE_OBJC_ARC = YES;
				CLANG_WARN_BOOL_CONVERSION = YES;
				CLANG_WARN_CONSTANT_CONVERSION = YES;
				CLANG_WARN_DIRECT_OBJC_ISA_USAGE = YES_ERROR;
				CLANG_WARN_EMPTY_BODY = YES;
				CLANG_WARN_ENUM_CONVERSION = YES;
				CLANG_WARN_INT_CONVERSION = YES;
				CLANG_WARN_OBJC_ROOT_CLASS = YES_ERROR;
				CLANG_WARN_UNREACHABLE_CODE = YES;
				CLANG_WARN__DUPLICATE_METHOD_MATCH = YES;
				COPY_PHASE_STRIP = NO;
				CURRENT_PROJECT_VERSION = 1;
				ENABLE_STRICT_OBJC_MSGSEND = YES;
				GCC_C_LANGUAGE_STANDARD = gnu99;
				GCC_DYNAMIC_NO_PIC = NO;
				GCC_OPTIMIZATION_LEVEL = 0;
				GCC_PREPROCESSOR_DEFINITIONS = (
					"DEBUG=1",
					"$(inherited)",
				);
				GCC_SYMBOLS_PRIVATE_EXTERN = NO;
				GCC_WARN_64_TO_32_BIT_CONVERSION = YES;
				GCC_WARN_ABOUT_RETURN_TYPE = YES_ERROR;
				GCC_WARN_UNDECLARED_SELECTOR = YES;
				GCC_WARN_UNINITIALIZED_AUTOS = YES_AGGRESSIVE;
				GCC_WARN_UNUSED_FUNCTION = YES;
				GCC_WARN_UNUSED_VARIABLE = YES;
				MACOSX_DEPLOYMENT_TARGET = 10.10;
				MTL_ENABLE_DEBUG_INFO = YES;
				ONLY_ACTIVE_ARCH = YES;
				SDKROOT = macosx;
				VERSIONING_SYSTEM = "apple-generic";
				VERSION_INFO_PREFIX = "";
			};
			name = Debug;
		};
		E9D81E9E19F00E520012D908 /* Release */ = {
			isa = XCBuildConfiguration;
			buildSettings = {
				ALWAYS_SEARCH_USER_PATHS = NO;
				CLANG_CXX_LANGUAGE_STANDARD = "gnu++0x";
				CLANG_CXX_LIBRARY = "libc++";
				CLANG_ENABLE_MODULES = YES;
				CLANG_ENABLE_OBJC_ARC = YES;
				CLANG_WARN_BOOL_CONVERSION = YES;
				CLANG_WARN_CONSTANT_CONVERSION = YES;
				CLANG_WARN_DIRECT_OBJC_ISA_USAGE = YES_ERROR;
				CLANG_WARN_EMPTY_BODY = YES;
				CLANG_WARN_ENUM_CONVERSION = YES;
				CLANG_WARN_INT_CONVERSION = YES;
				CLANG_WARN_OBJC_ROOT_CLASS = YES_ERROR;
				CLANG_WARN_UNREACHABLE_CODE = YES;
				CLANG_WARN__DUPLICATE_METHOD_MATCH = YES;
				COPY_PHASE_STRIP = YES;
				CURRENT_PROJECT_VERSION = 1;
				DEBUG_INFORMATION_FORMAT = "dwarf-with-dsym";
				ENABLE_NS_ASSERTIONS = NO;
				ENABLE_STRICT_OBJC_MSGSEND = YES;
				GCC_C_LANGUAGE_STANDARD = gnu99;
				GCC_WARN_64_TO_32_BIT_CONVERSION = YES;
				GCC_WARN_ABOUT_RETURN_TYPE = YES_ERROR;
				GCC_WARN_UNDECLARED_SELECTOR = YES;
				GCC_WARN_UNINITIALIZED_AUTOS = YES_AGGRESSIVE;
				GCC_WARN_UNUSED_FUNCTION = YES;
				GCC_WARN_UNUSED_VARIABLE = YES;
				MACOSX_DEPLOYMENT_TARGET = 10.10;
				MTL_ENABLE_DEBUG_INFO = NO;
				SDKROOT = macosx;
				VERSIONING_SYSTEM = "apple-generic";
				VERSION_INFO_PREFIX = "";
			};
			name = Release;
		};
/* End XCBuildConfiguration section */

/* Begin XCConfigurationList section */
		E9CD1BDF19F05A4500034087 /* Build configuration list for PBXNativeTarget "ObjectiveGumbo" */ = {
			isa = XCConfigurationList;
			buildConfigurations = (
				E9CD1BE019F05A4500034087 /* Debug */,
				E9CD1BE119F05A4500034087 /* Release */,
			);
			defaultConfigurationIsVisible = 0;
			defaultConfigurationName = Release;
		};
		E9D81E8619F00E520012D908 /* Build configuration list for PBXProject "ObjectiveGumbo" */ = {
			isa = XCConfigurationList;
			buildConfigurations = (
				E9D81E9D19F00E520012D908 /* Debug */,
				E9D81E9E19F00E520012D908 /* Release */,
			);
			defaultConfigurationIsVisible = 0;
			defaultConfigurationName = Release;
		};
/* End XCConfigurationList section */
	};
	rootObject = E9D81E8319F00E520012D908 /* Project object */;
}
