// !$*UTF8*$!
{
	archiveVersion = 1;
	classes = {
	};
	objectVersion = 46;
	objects = {

/* Begin PBXBuildFile section */
		E95446FD17D07A4F00EC248A /* NSString+OGString.m in Sources */ = {isa = PBXBuildFile; fileRef = E95446FA17D07A3B00EC248A /* NSString+OGString.m */; };
		E95446FE17D07A4F00EC248A /* OGUtility.m in Sources */ = {isa = PBXBuildFile; fileRef = E95446FC17D07A3B00EC248A /* OGUtility.m */; };
		E9C3B62E17BFDC4C001F07CC /* Cocoa.framework in Frameworks */ = {isa = PBXBuildFile; fileRef = E9C3B62D17BFDC4C001F07CC /* Cocoa.framework */; };
		E9C3B63817BFDC4C001F07CC /* InfoPlist.strings in Resources */ = {isa = PBXBuildFile; fileRef = E9C3B63617BFDC4C001F07CC /* InfoPlist.strings */; };
		E9C3B63A17BFDC4C001F07CC /* main.m in Sources */ = {isa = PBXBuildFile; fileRef = E9C3B63917BFDC4C001F07CC /* main.m */; };
		E9C3B63E17BFDC4C001F07CC /* Credits.rtf in Resources */ = {isa = PBXBuildFile; fileRef = E9C3B63C17BFDC4C001F07CC /* Credits.rtf */; };
		E9C3B64117BFDC4C001F07CC /* AppDelegate.m in Sources */ = {isa = PBXBuildFile; fileRef = E9C3B64017BFDC4C001F07CC /* AppDelegate.m */; };
		E9C3B64417BFDC4C001F07CC /* MainMenu.xib in Resources */ = {isa = PBXBuildFile; fileRef = E9C3B64217BFDC4C001F07CC /* MainMenu.xib */; };
		E9C3B64617BFDC4C001F07CC /* Images.xcassets in Resources */ = {isa = PBXBuildFile; fileRef = E9C3B64517BFDC4C001F07CC /* Images.xcassets */; };
		E9C3B64D17BFDC4C001F07CC /* XCTest.framework in Frameworks */ = {isa = PBXBuildFile; fileRef = E9C3B64C17BFDC4C001F07CC /* XCTest.framework */; };
		E9C3B64E17BFDC4C001F07CC /* Cocoa.framework in Frameworks */ = {isa = PBXBuildFile; fileRef = E9C3B62D17BFDC4C001F07CC /* Cocoa.framework */; };
		E9C3B65617BFDC4C001F07CC /* InfoPlist.strings in Resources */ = {isa = PBXBuildFile; fileRef = E9C3B65417BFDC4C001F07CC /* InfoPlist.strings */; };
		E9C3B65817BFDC4C001F07CC /* HTML_to_MarkdownTests.m in Sources */ = {isa = PBXBuildFile; fileRef = E9C3B65717BFDC4C001F07CC /* HTML_to_MarkdownTests.m */; };
		E9C3B6B617BFDC90001F07CC /* attribute.c in Sources */ = {isa = PBXBuildFile; fileRef = E9C3B68717BFDC6C001F07CC /* attribute.c */; };
		E9C3B6B717BFDC90001F07CC /* char_ref.c in Sources */ = {isa = PBXBuildFile; fileRef = E9C3B68917BFDC6C001F07CC /* char_ref.c */; };
		E9C3B6B817BFDC90001F07CC /* error.c in Sources */ = {isa = PBXBuildFile; fileRef = E9C3B68B17BFDC6C001F07CC /* error.c */; };
		E9C3B6B917BFDC90001F07CC /* parser.c in Sources */ = {isa = PBXBuildFile; fileRef = E9C3B6A517BFDC6C001F07CC /* parser.c */; };
		E9C3B6BA17BFDC90001F07CC /* string_buffer.c in Sources */ = {isa = PBXBuildFile; fileRef = E9C3B6A717BFDC6C001F07CC /* string_buffer.c */; };
		E9C3B6BB17BFDC90001F07CC /* string_piece.c in Sources */ = {isa = PBXBuildFile; fileRef = E9C3B6A917BFDC6C001F07CC /* string_piece.c */; };
		E9C3B6BC17BFDC90001F07CC /* tag.c in Sources */ = {isa = PBXBuildFile; fileRef = E9C3B6AB17BFDC6C001F07CC /* tag.c */; };
		E9C3B6BD17BFDC90001F07CC /* tokenizer.c in Sources */ = {isa = PBXBuildFile; fileRef = E9C3B6AD17BFDC6C001F07CC /* tokenizer.c */; };
		E9C3B6BE17BFDC90001F07CC /* utf8.c in Sources */ = {isa = PBXBuildFile; fileRef = E9C3B6B017BFDC6C001F07CC /* utf8.c */; };
		E9C3B6BF17BFDC90001F07CC /* util.c in Sources */ = {isa = PBXBuildFile; fileRef = E9C3B6B217BFDC6C001F07CC /* util.c */; };
		E9C3B6C017BFDC90001F07CC /* vector.c in Sources */ = {isa = PBXBuildFile; fileRef = E9C3B6B417BFDC6C001F07CC /* vector.c */; };
		E9C3B6C117BFDC90001F07CC /* ObjectiveGumbo.m in Sources */ = {isa = PBXBuildFile; fileRef = E9C3B66317BFDC5C001F07CC /* ObjectiveGumbo.m */; };
		E9C3B6C217BFDC90001F07CC /* OGDocument.m in Sources */ = {isa = PBXBuildFile; fileRef = E9C3B66517BFDC5C001F07CC /* OGDocument.m */; };
		E9C3B6C317BFDC90001F07CC /* OGElement.m in Sources */ = {isa = PBXBuildFile; fileRef = E9C3B66717BFDC5C001F07CC /* OGElement.m */; };
		E9C3B6C417BFDC90001F07CC /* OGNode.m in Sources */ = {isa = PBXBuildFile; fileRef = E9C3B66917BFDC5C001F07CC /* OGNode.m */; };
		E9C3B6C517BFDC90001F07CC /* OGText.m in Sources */ = {isa = PBXBuildFile; fileRef = E9C3B66B17BFDC5C001F07CC /* OGText.m */; };
/* End PBXBuildFile section */

/* Begin PBXContainerItemProxy section */
		E9C3B64F17BFDC4C001F07CC /* PBXContainerItemProxy */ = {
			isa = PBXContainerItemProxy;
			containerPortal = E9C3B62217BFDC4B001F07CC /* Project object */;
			proxyType = 1;
			remoteGlobalIDString = E9C3B62917BFDC4C001F07CC;
			remoteInfo = "HTML to Markdown";
		};
/* End PBXContainerItemProxy section */

/* Begin PBXFileReference section */
		E95446FA17D07A3B00EC248A /* NSString+OGString.m */ = {isa = PBXFileReference; lastKnownFileType = sourcecode.c.objc; path = "NSString+OGString.m"; sourceTree = "<group>"; };
		E95446FB17D07A3B00EC248A /* OGUtility.h */ = {isa = PBXFileReference; lastKnownFileType = sourcecode.c.h; path = OGUtility.h; sourceTree = "<group>"; };
		E95446FC17D07A3B00EC248A /* OGUtility.m */ = {isa = PBXFileReference; lastKnownFileType = sourcecode.c.objc; path = OGUtility.m; sourceTree = "<group>"; };
		E9C3B62A17BFDC4C001F07CC /* HTML to Markdown.app */ = {isa = PBXFileReference; explicitFileType = wrapper.application; includeInIndex = 0; path = "HTML to Markdown.app"; sourceTree = BUILT_PRODUCTS_DIR; };
		E9C3B62D17BFDC4C001F07CC /* Cocoa.framework */ = {isa = PBXFileReference; lastKnownFileType = wrapper.framework; name = Cocoa.framework; path = System/Library/Frameworks/Cocoa.framework; sourceTree = SDKROOT; };
		E9C3B63017BFDC4C001F07CC /* AppKit.framework */ = {isa = PBXFileReference; lastKnownFileType = wrapper.framework; name = AppKit.framework; path = System/Library/Frameworks/AppKit.framework; sourceTree = SDKROOT; };
		E9C3B63117BFDC4C001F07CC /* CoreData.framework */ = {isa = PBXFileReference; lastKnownFileType = wrapper.framework; name = CoreData.framework; path = System/Library/Frameworks/CoreData.framework; sourceTree = SDKROOT; };
		E9C3B63217BFDC4C001F07CC /* Foundation.framework */ = {isa = PBXFileReference; lastKnownFileType = wrapper.framework; name = Foundation.framework; path = System/Library/Frameworks/Foundation.framework; sourceTree = SDKROOT; };
		E9C3B63517BFDC4C001F07CC /* HTML to Markdown-Info.plist */ = {isa = PBXFileReference; lastKnownFileType = text.plist.xml; path = "HTML to Markdown-Info.plist"; sourceTree = "<group>"; };
		E9C3B63717BFDC4C001F07CC /* en */ = {isa = PBXFileReference; lastKnownFileType = text.plist.strings; name = en; path = en.lproj/InfoPlist.strings; sourceTree = "<group>"; };
		E9C3B63917BFDC4C001F07CC /* main.m */ = {isa = PBXFileReference; lastKnownFileType = sourcecode.c.objc; path = main.m; sourceTree = "<group>"; };
		E9C3B63B17BFDC4C001F07CC /* HTML to Markdown-Prefix.pch */ = {isa = PBXFileReference; lastKnownFileType = sourcecode.c.h; path = "HTML to Markdown-Prefix.pch"; sourceTree = "<group>"; };
		E9C3B63D17BFDC4C001F07CC /* en */ = {isa = PBXFileReference; lastKnownFileType = text.rtf; name = en; path = en.lproj/Credits.rtf; sourceTree = "<group>"; };
		E9C3B63F17BFDC4C001F07CC /* AppDelegate.h */ = {isa = PBXFileReference; lastKnownFileType = sourcecode.c.h; path = AppDelegate.h; sourceTree = "<group>"; };
		E9C3B64017BFDC4C001F07CC /* AppDelegate.m */ = {isa = PBXFileReference; lastKnownFileType = sourcecode.c.objc; path = AppDelegate.m; sourceTree = "<group>"; };
		E9C3B64317BFDC4C001F07CC /* Base */ = {isa = PBXFileReference; lastKnownFileType = file.xib; name = Base; path = Base.lproj/MainMenu.xib; sourceTree = "<group>"; };
		E9C3B64517BFDC4C001F07CC /* Images.xcassets */ = {isa = PBXFileReference; lastKnownFileType = folder.assetcatalog; path = Images.xcassets; sourceTree = "<group>"; };
		E9C3B64B17BFDC4C001F07CC /* HTML to MarkdownTests.xctest */ = {isa = PBXFileReference; explicitFileType = wrapper.cfbundle; includeInIndex = 0; path = "HTML to MarkdownTests.xctest"; sourceTree = BUILT_PRODUCTS_DIR; };
		E9C3B64C17BFDC4C001F07CC /* XCTest.framework */ = {isa = PBXFileReference; lastKnownFileType = wrapper.framework; name = XCTest.framework; path = Library/Frameworks/XCTest.framework; sourceTree = DEVELOPER_DIR; };
		E9C3B65317BFDC4C001F07CC /* HTML to MarkdownTests-Info.plist */ = {isa = PBXFileReference; lastKnownFileType = text.plist.xml; path = "HTML to MarkdownTests-Info.plist"; sourceTree = "<group>"; };
		E9C3B65517BFDC4C001F07CC /* en */ = {isa = PBXFileReference; lastKnownFileType = text.plist.strings; name = en; path = en.lproj/InfoPlist.strings; sourceTree = "<group>"; };
		E9C3B65717BFDC4C001F07CC /* HTML_to_MarkdownTests.m */ = {isa = PBXFileReference; lastKnownFileType = sourcecode.c.objc; path = HTML_to_MarkdownTests.m; sourceTree = "<group>"; };
		E9C3B66217BFDC5C001F07CC /* ObjectiveGumbo.h */ = {isa = PBXFileReference; lastKnownFileType = sourcecode.c.h; path = ObjectiveGumbo.h; sourceTree = "<group>"; };
		E9C3B66317BFDC5C001F07CC /* ObjectiveGumbo.m */ = {isa = PBXFileReference; lastKnownFileType = sourcecode.c.objc; path = ObjectiveGumbo.m; sourceTree = "<group>"; };
		E9C3B66417BFDC5C001F07CC /* OGDocument.h */ = {isa = PBXFileReference; lastKnownFileType = sourcecode.c.h; path = OGDocument.h; sourceTree = "<group>"; };
		E9C3B66517BFDC5C001F07CC /* OGDocument.m */ = {isa = PBXFileReference; lastKnownFileType = sourcecode.c.objc; path = OGDocument.m; sourceTree = "<group>"; };
		E9C3B66617BFDC5C001F07CC /* OGElement.h */ = {isa = PBXFileReference; lastKnownFileType = sourcecode.c.h; path = OGElement.h; sourceTree = "<group>"; };
		E9C3B66717BFDC5C001F07CC /* OGElement.m */ = {isa = PBXFileReference; lastKnownFileType = sourcecode.c.objc; path = OGElement.m; sourceTree = "<group>"; };
		E9C3B66817BFDC5C001F07CC /* OGNode.h */ = {isa = PBXFileReference; lastKnownFileType = sourcecode.c.h; path = OGNode.h; sourceTree = "<group>"; };
		E9C3B66917BFDC5C001F07CC /* OGNode.m */ = {isa = PBXFileReference; lastKnownFileType = sourcecode.c.objc; path = OGNode.m; sourceTree = "<group>"; };
		E9C3B66A17BFDC5C001F07CC /* OGText.h */ = {isa = PBXFileReference; lastKnownFileType = sourcecode.c.h; path = OGText.h; sourceTree = "<group>"; };
		E9C3B66B17BFDC5C001F07CC /* OGText.m */ = {isa = PBXFileReference; lastKnownFileType = sourcecode.c.objc; path = OGText.m; sourceTree = "<group>"; };
		E9C3B66E17BFDC6C001F07CC /* .dirstamp */ = {isa = PBXFileReference; lastKnownFileType = text; path = .dirstamp; sourceTree = "<group>"; };
		E9C3B66F17BFDC6C001F07CC /* libgumbo_la-attribute.Plo */ = {isa = PBXFileReference; lastKnownFileType = text; path = "libgumbo_la-attribute.Plo"; sourceTree = "<group>"; };
		E9C3B67017BFDC6C001F07CC /* libgumbo_la-char_ref.Plo */ = {isa = PBXFileReference; lastKnownFileType = text; path = "libgumbo_la-char_ref.Plo"; sourceTree = "<group>"; };
		E9C3B67117BFDC6C001F07CC /* libgumbo_la-error.Plo */ = {isa = PBXFileReference; lastKnownFileType = text; path = "libgumbo_la-error.Plo"; sourceTree = "<group>"; };
		E9C3B67217BFDC6C001F07CC /* libgumbo_la-parser.Plo */ = {isa = PBXFileReference; lastKnownFileType = text; path = "libgumbo_la-parser.Plo"; sourceTree = "<group>"; };
		E9C3B67317BFDC6C001F07CC /* libgumbo_la-string_buffer.Plo */ = {isa = PBXFileReference; lastKnownFileType = text; path = "libgumbo_la-string_buffer.Plo"; sourceTree = "<group>"; };
		E9C3B67417BFDC6C001F07CC /* libgumbo_la-string_piece.Plo */ = {isa = PBXFileReference; lastKnownFileType = text; path = "libgumbo_la-string_piece.Plo"; sourceTree = "<group>"; };
		E9C3B67517BFDC6C001F07CC /* libgumbo_la-tag.Plo */ = {isa = PBXFileReference; lastKnownFileType = text; path = "libgumbo_la-tag.Plo"; sourceTree = "<group>"; };
		E9C3B67617BFDC6C001F07CC /* libgumbo_la-tokenizer.Plo */ = {isa = PBXFileReference; lastKnownFileType = text; path = "libgumbo_la-tokenizer.Plo"; sourceTree = "<group>"; };
		E9C3B67717BFDC6C001F07CC /* libgumbo_la-utf8.Plo */ = {isa = PBXFileReference; lastKnownFileType = text; path = "libgumbo_la-utf8.Plo"; sourceTree = "<group>"; };
		E9C3B67817BFDC6C001F07CC /* libgumbo_la-util.Plo */ = {isa = PBXFileReference; lastKnownFileType = text; path = "libgumbo_la-util.Plo"; sourceTree = "<group>"; };
		E9C3B67917BFDC6C001F07CC /* libgumbo_la-vector.Plo */ = {isa = PBXFileReference; lastKnownFileType = text; path = "libgumbo_la-vector.Plo"; sourceTree = "<group>"; };
		E9C3B67A17BFDC6C001F07CC /* .dirstamp */ = {isa = PBXFileReference; lastKnownFileType = text; path = .dirstamp; sourceTree = "<group>"; };
		E9C3B67C17BFDC6C001F07CC /* libgumbo_la-attribute.o */ = {isa = PBXFileReference; lastKnownFileType = "compiled.mach-o.objfile"; path = "libgumbo_la-attribute.o"; sourceTree = "<group>"; };
		E9C3B67D17BFDC6C001F07CC /* libgumbo_la-char_ref.o */ = {isa = PBXFileReference; lastKnownFileType = "compiled.mach-o.objfile"; path = "libgumbo_la-char_ref.o"; sourceTree = "<group>"; };
		E9C3B67E17BFDC6C001F07CC /* libgumbo_la-error.o */ = {isa = PBXFileReference; lastKnownFileType = "compiled.mach-o.objfile"; path = "libgumbo_la-error.o"; sourceTree = "<group>"; };
		E9C3B67F17BFDC6C001F07CC /* libgumbo_la-parser.o */ = {isa = PBXFileReference; lastKnownFileType = "compiled.mach-o.objfile"; path = "libgumbo_la-parser.o"; sourceTree = "<group>"; };
		E9C3B68017BFDC6C001F07CC /* libgumbo_la-string_buffer.o */ = {isa = PBXFileReference; lastKnownFileType = "compiled.mach-o.objfile"; path = "libgumbo_la-string_buffer.o"; sourceTree = "<group>"; };
		E9C3B68117BFDC6C001F07CC /* libgumbo_la-string_piece.o */ = {isa = PBXFileReference; lastKnownFileType = "compiled.mach-o.objfile"; path = "libgumbo_la-string_piece.o"; sourceTree = "<group>"; };
		E9C3B68217BFDC6C001F07CC /* libgumbo_la-tag.o */ = {isa = PBXFileReference; lastKnownFileType = "compiled.mach-o.objfile"; path = "libgumbo_la-tag.o"; sourceTree = "<group>"; };
		E9C3B68317BFDC6C001F07CC /* libgumbo_la-tokenizer.o */ = {isa = PBXFileReference; lastKnownFileType = "compiled.mach-o.objfile"; path = "libgumbo_la-tokenizer.o"; sourceTree = "<group>"; };
		E9C3B68417BFDC6C001F07CC /* libgumbo_la-utf8.o */ = {isa = PBXFileReference; lastKnownFileType = "compiled.mach-o.objfile"; path = "libgumbo_la-utf8.o"; sourceTree = "<group>"; };
		E9C3B68517BFDC6C001F07CC /* libgumbo_la-util.o */ = {isa = PBXFileReference; lastKnownFileType = "compiled.mach-o.objfile"; path = "libgumbo_la-util.o"; sourceTree = "<group>"; };
		E9C3B68617BFDC6C001F07CC /* libgumbo_la-vector.o */ = {isa = PBXFileReference; lastKnownFileType = "compiled.mach-o.objfile"; path = "libgumbo_la-vector.o"; sourceTree = "<group>"; };
		E9C3B68717BFDC6C001F07CC /* attribute.c */ = {isa = PBXFileReference; lastKnownFileType = sourcecode.c.c; path = attribute.c; sourceTree = "<group>"; };
		E9C3B68817BFDC6C001F07CC /* attribute.h */ = {isa = PBXFileReference; lastKnownFileType = sourcecode.c.h; path = attribute.h; sourceTree = "<group>"; };
		E9C3B68917BFDC6C001F07CC /* char_ref.c */ = {isa = PBXFileReference; lastKnownFileType = sourcecode.c.c; path = char_ref.c; sourceTree = "<group>"; };
		E9C3B68A17BFDC6C001F07CC /* char_ref.h */ = {isa = PBXFileReference; lastKnownFileType = sourcecode.c.h; path = char_ref.h; sourceTree = "<group>"; };
		E9C3B68B17BFDC6C001F07CC /* error.c */ = {isa = PBXFileReference; lastKnownFileType = sourcecode.c.c; path = error.c; sourceTree = "<group>"; };
		E9C3B68C17BFDC6C001F07CC /* error.h */ = {isa = PBXFileReference; lastKnownFileType = sourcecode.c.h; path = error.h; sourceTree = "<group>"; };
		E9C3B68D17BFDC6C001F07CC /* gumbo.h */ = {isa = PBXFileReference; lastKnownFileType = sourcecode.c.h; path = gumbo.h; sourceTree = "<group>"; };
		E9C3B68E17BFDC6C001F07CC /* insertion_mode.h */ = {isa = PBXFileReference; lastKnownFileType = sourcecode.c.h; path = insertion_mode.h; sourceTree = "<group>"; };
		E9C3B68F17BFDC6C001F07CC /* libgumbo_la-attribute.lo */ = {isa = PBXFileReference; lastKnownFileType = text; path = "libgumbo_la-attribute.lo"; sourceTree = "<group>"; };
		E9C3B69017BFDC6C001F07CC /* libgumbo_la-attribute.o */ = {isa = PBXFileReference; lastKnownFileType = "compiled.mach-o.objfile"; path = "libgumbo_la-attribute.o"; sourceTree = "<group>"; };
		E9C3B69117BFDC6C001F07CC /* libgumbo_la-char_ref.lo */ = {isa = PBXFileReference; lastKnownFileType = text; path = "libgumbo_la-char_ref.lo"; sourceTree = "<group>"; };
		E9C3B69217BFDC6C001F07CC /* libgumbo_la-char_ref.o */ = {isa = PBXFileReference; lastKnownFileType = "compiled.mach-o.objfile"; path = "libgumbo_la-char_ref.o"; sourceTree = "<group>"; };
		E9C3B69317BFDC6C001F07CC /* libgumbo_la-error.lo */ = {isa = PBXFileReference; lastKnownFileType = text; path = "libgumbo_la-error.lo"; sourceTree = "<group>"; };
		E9C3B69417BFDC6C001F07CC /* libgumbo_la-error.o */ = {isa = PBXFileReference; lastKnownFileType = "compiled.mach-o.objfile"; path = "libgumbo_la-error.o"; sourceTree = "<group>"; };
		E9C3B69517BFDC6C001F07CC /* libgumbo_la-parser.lo */ = {isa = PBXFileReference; lastKnownFileType = text; path = "libgumbo_la-parser.lo"; sourceTree = "<group>"; };
		E9C3B69617BFDC6C001F07CC /* libgumbo_la-parser.o */ = {isa = PBXFileReference; lastKnownFileType = "compiled.mach-o.objfile"; path = "libgumbo_la-parser.o"; sourceTree = "<group>"; };
		E9C3B69717BFDC6C001F07CC /* libgumbo_la-string_buffer.lo */ = {isa = PBXFileReference; lastKnownFileType = text; path = "libgumbo_la-string_buffer.lo"; sourceTree = "<group>"; };
		E9C3B69817BFDC6C001F07CC /* libgumbo_la-string_buffer.o */ = {isa = PBXFileReference; lastKnownFileType = "compiled.mach-o.objfile"; path = "libgumbo_la-string_buffer.o"; sourceTree = "<group>"; };
		E9C3B69917BFDC6C001F07CC /* libgumbo_la-string_piece.lo */ = {isa = PBXFileReference; lastKnownFileType = text; path = "libgumbo_la-string_piece.lo"; sourceTree = "<group>"; };
		E9C3B69A17BFDC6C001F07CC /* libgumbo_la-string_piece.o */ = {isa = PBXFileReference; lastKnownFileType = "compiled.mach-o.objfile"; path = "libgumbo_la-string_piece.o"; sourceTree = "<group>"; };
		E9C3B69B17BFDC6C001F07CC /* libgumbo_la-tag.lo */ = {isa = PBXFileReference; lastKnownFileType = text; path = "libgumbo_la-tag.lo"; sourceTree = "<group>"; };
		E9C3B69C17BFDC6C001F07CC /* libgumbo_la-tag.o */ = {isa = PBXFileReference; lastKnownFileType = "compiled.mach-o.objfile"; path = "libgumbo_la-tag.o"; sourceTree = "<group>"; };
		E9C3B69D17BFDC6C001F07CC /* libgumbo_la-tokenizer.lo */ = {isa = PBXFileReference; lastKnownFileType = text; path = "libgumbo_la-tokenizer.lo"; sourceTree = "<group>"; };
		E9C3B69E17BFDC6C001F07CC /* libgumbo_la-tokenizer.o */ = {isa = PBXFileReference; lastKnownFileType = "compiled.mach-o.objfile"; path = "libgumbo_la-tokenizer.o"; sourceTree = "<group>"; };
		E9C3B69F17BFDC6C001F07CC /* libgumbo_la-utf8.lo */ = {isa = PBXFileReference; lastKnownFileType = text; path = "libgumbo_la-utf8.lo"; sourceTree = "<group>"; };
		E9C3B6A017BFDC6C001F07CC /* libgumbo_la-utf8.o */ = {isa = PBXFileReference; lastKnownFileType = "compiled.mach-o.objfile"; path = "libgumbo_la-utf8.o"; sourceTree = "<group>"; };
		E9C3B6A117BFDC6C001F07CC /* libgumbo_la-util.lo */ = {isa = PBXFileReference; lastKnownFileType = text; path = "libgumbo_la-util.lo"; sourceTree = "<group>"; };
		E9C3B6A217BFDC6C001F07CC /* libgumbo_la-util.o */ = {isa = PBXFileReference; lastKnownFileType = "compiled.mach-o.objfile"; path = "libgumbo_la-util.o"; sourceTree = "<group>"; };
		E9C3B6A317BFDC6C001F07CC /* libgumbo_la-vector.lo */ = {isa = PBXFileReference; lastKnownFileType = text; path = "libgumbo_la-vector.lo"; sourceTree = "<group>"; };
		E9C3B6A417BFDC6C001F07CC /* libgumbo_la-vector.o */ = {isa = PBXFileReference; lastKnownFileType = "compiled.mach-o.objfile"; path = "libgumbo_la-vector.o"; sourceTree = "<group>"; };
		E9C3B6A517BFDC6C001F07CC /* parser.c */ = {isa = PBXFileReference; lastKnownFileType = sourcecode.c.c; path = parser.c; sourceTree = "<group>"; };
		E9C3B6A617BFDC6C001F07CC /* parser.h */ = {isa = PBXFileReference; lastKnownFileType = sourcecode.c.h; path = parser.h; sourceTree = "<group>"; };
		E9C3B6A717BFDC6C001F07CC /* string_buffer.c */ = {isa = PBXFileReference; lastKnownFileType = sourcecode.c.c; path = string_buffer.c; sourceTree = "<group>"; };
		E9C3B6A817BFDC6C001F07CC /* string_buffer.h */ = {isa = PBXFileReference; lastKnownFileType = sourcecode.c.h; path = string_buffer.h; sourceTree = "<group>"; };
		E9C3B6A917BFDC6C001F07CC /* string_piece.c */ = {isa = PBXFileReference; lastKnownFileType = sourcecode.c.c; path = string_piece.c; sourceTree = "<group>"; };
		E9C3B6AA17BFDC6C001F07CC /* string_piece.h */ = {isa = PBXFileReference; lastKnownFileType = sourcecode.c.h; path = string_piece.h; sourceTree = "<group>"; };
		E9C3B6AB17BFDC6C001F07CC /* tag.c */ = {isa = PBXFileReference; lastKnownFileType = sourcecode.c.c; path = tag.c; sourceTree = "<group>"; };
		E9C3B6AC17BFDC6C001F07CC /* token_type.h */ = {isa = PBXFileReference; lastKnownFileType = sourcecode.c.h; path = token_type.h; sourceTree = "<group>"; };
		E9C3B6AD17BFDC6C001F07CC /* tokenizer.c */ = {isa = PBXFileReference; lastKnownFileType = sourcecode.c.c; path = tokenizer.c; sourceTree = "<group>"; };
		E9C3B6AE17BFDC6C001F07CC /* tokenizer.h */ = {isa = PBXFileReference; lastKnownFileType = sourcecode.c.h; path = tokenizer.h; sourceTree = "<group>"; };
		E9C3B6AF17BFDC6C001F07CC /* tokenizer_states.h */ = {isa = PBXFileReference; lastKnownFileType = sourcecode.c.h; path = tokenizer_states.h; sourceTree = "<group>"; };
		E9C3B6B017BFDC6C001F07CC /* utf8.c */ = {isa = PBXFileReference; lastKnownFileType = sourcecode.c.c; path = utf8.c; sourceTree = "<group>"; };
		E9C3B6B117BFDC6C001F07CC /* utf8.h */ = {isa = PBXFileReference; lastKnownFileType = sourcecode.c.h; path = utf8.h; sourceTree = "<group>"; };
		E9C3B6B217BFDC6C001F07CC /* util.c */ = {isa = PBXFileReference; lastKnownFileType = sourcecode.c.c; path = util.c; sourceTree = "<group>"; };
		E9C3B6B317BFDC6C001F07CC /* util.h */ = {isa = PBXFileReference; lastKnownFileType = sourcecode.c.h; path = util.h; sourceTree = "<group>"; };
		E9C3B6B417BFDC6C001F07CC /* vector.c */ = {isa = PBXFileReference; lastKnownFileType = sourcecode.c.c; path = vector.c; sourceTree = "<group>"; };
		E9C3B6B517BFDC6C001F07CC /* vector.h */ = {isa = PBXFileReference; lastKnownFileType = sourcecode.c.h; path = vector.h; sourceTree = "<group>"; };
/* End PBXFileReference section */

/* Begin PBXFrameworksBuildPhase section */
		E9C3B62717BFDC4C001F07CC /* Frameworks */ = {
			isa = PBXFrameworksBuildPhase;
			buildActionMask = 2147483647;
			files = (
				E9C3B62E17BFDC4C001F07CC /* Cocoa.framework in Frameworks */,
			);
			runOnlyForDeploymentPostprocessing = 0;
		};
		E9C3B64817BFDC4C001F07CC /* Frameworks */ = {
			isa = PBXFrameworksBuildPhase;
			buildActionMask = 2147483647;
			files = (
				E9C3B64E17BFDC4C001F07CC /* Cocoa.framework in Frameworks */,
				E9C3B64D17BFDC4C001F07CC /* XCTest.framework in Frameworks */,
			);
			runOnlyForDeploymentPostprocessing = 0;
		};
/* End PBXFrameworksBuildPhase section */

/* Begin PBXGroup section */
		E9C3B62117BFDC4B001F07CC = {
			isa = PBXGroup;
			children = (
				E9C3B63317BFDC4C001F07CC /* HTML to Markdown */,
				E9C3B65117BFDC4C001F07CC /* HTML to MarkdownTests */,
				E9C3B62C17BFDC4C001F07CC /* Frameworks */,
				E9C3B62B17BFDC4C001F07CC /* Products */,
			);
			sourceTree = "<group>";
		};
		E9C3B62B17BFDC4C001F07CC /* Products */ = {
			isa = PBXGroup;
			children = (
				E9C3B62A17BFDC4C001F07CC /* HTML to Markdown.app */,
				E9C3B64B17BFDC4C001F07CC /* HTML to MarkdownTests.xctest */,
			);
			name = Products;
			sourceTree = "<group>";
		};
		E9C3B62C17BFDC4C001F07CC /* Frameworks */ = {
			isa = PBXGroup;
			children = (
				E9C3B62D17BFDC4C001F07CC /* Cocoa.framework */,
				E9C3B64C17BFDC4C001F07CC /* XCTest.framework */,
				E9C3B62F17BFDC4C001F07CC /* Other Frameworks */,
			);
			name = Frameworks;
			sourceTree = "<group>";
		};
		E9C3B62F17BFDC4C001F07CC /* Other Frameworks */ = {
			isa = PBXGroup;
			children = (
				E9C3B63017BFDC4C001F07CC /* AppKit.framework */,
				E9C3B63117BFDC4C001F07CC /* CoreData.framework */,
				E9C3B63217BFDC4C001F07CC /* Foundation.framework */,
			);
			name = "Other Frameworks";
			sourceTree = "<group>";
		};
		E9C3B63317BFDC4C001F07CC /* HTML to Markdown */ = {
			isa = PBXGroup;
			children = (
				E9C3B66117BFDC5C001F07CC /* ObjectiveGumbo */,
				E9C3B63F17BFDC4C001F07CC /* AppDelegate.h */,
				E9C3B64017BFDC4C001F07CC /* AppDelegate.m */,
				E9C3B64217BFDC4C001F07CC /* MainMenu.xib */,
				E9C3B64517BFDC4C001F07CC /* Images.xcassets */,
				E9C3B63417BFDC4C001F07CC /* Supporting Files */,
			);
			path = "HTML to Markdown";
			sourceTree = "<group>";
		};
		E9C3B63417BFDC4C001F07CC /* Supporting Files */ = {
			isa = PBXGroup;
			children = (
				E9C3B63517BFDC4C001F07CC /* HTML to Markdown-Info.plist */,
				E9C3B63617BFDC4C001F07CC /* InfoPlist.strings */,
				E9C3B63917BFDC4C001F07CC /* main.m */,
				E9C3B63B17BFDC4C001F07CC /* HTML to Markdown-Prefix.pch */,
				E9C3B63C17BFDC4C001F07CC /* Credits.rtf */,
			);
			name = "Supporting Files";
			sourceTree = "<group>";
		};
		E9C3B65117BFDC4C001F07CC /* HTML to MarkdownTests */ = {
			isa = PBXGroup;
			children = (
				E9C3B65717BFDC4C001F07CC /* HTML_to_MarkdownTests.m */,
				E9C3B65217BFDC4C001F07CC /* Supporting Files */,
			);
			path = "HTML to MarkdownTests";
			sourceTree = "<group>";
		};
		E9C3B65217BFDC4C001F07CC /* Supporting Files */ = {
			isa = PBXGroup;
			children = (
				E9C3B65317BFDC4C001F07CC /* HTML to MarkdownTests-Info.plist */,
				E9C3B65417BFDC4C001F07CC /* InfoPlist.strings */,
			);
			name = "Supporting Files";
			sourceTree = "<group>";
		};
		E9C3B66117BFDC5C001F07CC /* ObjectiveGumbo */ = {
			isa = PBXGroup;
			children = (
				E95446FA17D07A3B00EC248A /* NSString+OGString.m */,
				E95446FB17D07A3B00EC248A /* OGUtility.h */,
				E95446FC17D07A3B00EC248A /* OGUtility.m */,
				E9C3B66C17BFDC6C001F07CC /* src */,
				E9C3B66217BFDC5C001F07CC /* ObjectiveGumbo.h */,
				E9C3B66317BFDC5C001F07CC /* ObjectiveGumbo.m */,
				E9C3B66417BFDC5C001F07CC /* OGDocument.h */,
				E9C3B66517BFDC5C001F07CC /* OGDocument.m */,
				E9C3B66617BFDC5C001F07CC /* OGElement.h */,
				E9C3B66717BFDC5C001F07CC /* OGElement.m */,
				E9C3B66817BFDC5C001F07CC /* OGNode.h */,
				E9C3B66917BFDC5C001F07CC /* OGNode.m */,
				E9C3B66A17BFDC5C001F07CC /* OGText.h */,
				E9C3B66B17BFDC5C001F07CC /* OGText.m */,
			);
			name = ObjectiveGumbo;
			path = ../../ObjectiveGumbo;
			sourceTree = "<group>";
		};
		E9C3B66C17BFDC6C001F07CC /* src */ = {
			isa = PBXGroup;
			children = (
				E9C3B66D17BFDC6C001F07CC /* .deps */,
				E9C3B67A17BFDC6C001F07CC /* .dirstamp */,
				E9C3B67B17BFDC6C001F07CC /* .libs */,
				E9C3B68717BFDC6C001F07CC /* attribute.c */,
				E9C3B68817BFDC6C001F07CC /* attribute.h */,
				E9C3B68917BFDC6C001F07CC /* char_ref.c */,
				E9C3B68A17BFDC6C001F07CC /* char_ref.h */,
				E9C3B68B17BFDC6C001F07CC /* error.c */,
				E9C3B68C17BFDC6C001F07CC /* error.h */,
				E9C3B68D17BFDC6C001F07CC /* gumbo.h */,
				E9C3B68E17BFDC6C001F07CC /* insertion_mode.h */,
				E9C3B68F17BFDC6C001F07CC /* libgumbo_la-attribute.lo */,
				E9C3B69017BFDC6C001F07CC /* libgumbo_la-attribute.o */,
				E9C3B69117BFDC6C001F07CC /* libgumbo_la-char_ref.lo */,
				E9C3B69217BFDC6C001F07CC /* libgumbo_la-char_ref.o */,
				E9C3B69317BFDC6C001F07CC /* libgumbo_la-error.lo */,
				E9C3B69417BFDC6C001F07CC /* libgumbo_la-error.o */,
				E9C3B69517BFDC6C001F07CC /* libgumbo_la-parser.lo */,
				E9C3B69617BFDC6C001F07CC /* libgumbo_la-parser.o */,
				E9C3B69717BFDC6C001F07CC /* libgumbo_la-string_buffer.lo */,
				E9C3B69817BFDC6C001F07CC /* libgumbo_la-string_buffer.o */,
				E9C3B69917BFDC6C001F07CC /* libgumbo_la-string_piece.lo */,
				E9C3B69A17BFDC6C001F07CC /* libgumbo_la-string_piece.o */,
				E9C3B69B17BFDC6C001F07CC /* libgumbo_la-tag.lo */,
				E9C3B69C17BFDC6C001F07CC /* libgumbo_la-tag.o */,
				E9C3B69D17BFDC6C001F07CC /* libgumbo_la-tokenizer.lo */,
				E9C3B69E17BFDC6C001F07CC /* libgumbo_la-tokenizer.o */,
				E9C3B69F17BFDC6C001F07CC /* libgumbo_la-utf8.lo */,
				E9C3B6A017BFDC6C001F07CC /* libgumbo_la-utf8.o */,
				E9C3B6A117BFDC6C001F07CC /* libgumbo_la-util.lo */,
				E9C3B6A217BFDC6C001F07CC /* libgumbo_la-util.o */,
				E9C3B6A317BFDC6C001F07CC /* libgumbo_la-vector.lo */,
				E9C3B6A417BFDC6C001F07CC /* libgumbo_la-vector.o */,
				E9C3B6A517BFDC6C001F07CC /* parser.c */,
				E9C3B6A617BFDC6C001F07CC /* parser.h */,
				E9C3B6A717BFDC6C001F07CC /* string_buffer.c */,
				E9C3B6A817BFDC6C001F07CC /* string_buffer.h */,
				E9C3B6A917BFDC6C001F07CC /* string_piece.c */,
				E9C3B6AA17BFDC6C001F07CC /* string_piece.h */,
				E9C3B6AB17BFDC6C001F07CC /* tag.c */,
				E9C3B6AC17BFDC6C001F07CC /* token_type.h */,
				E9C3B6AD17BFDC6C001F07CC /* tokenizer.c */,
				E9C3B6AE17BFDC6C001F07CC /* tokenizer.h */,
				E9C3B6AF17BFDC6C001F07CC /* tokenizer_states.h */,
				E9C3B6B017BFDC6C001F07CC /* utf8.c */,
				E9C3B6B117BFDC6C001F07CC /* utf8.h */,
				E9C3B6B217BFDC6C001F07CC /* util.c */,
				E9C3B6B317BFDC6C001F07CC /* util.h */,
				E9C3B6B417BFDC6C001F07CC /* vector.c */,
				E9C3B6B517BFDC6C001F07CC /* vector.h */,
			);
			name = src;
			path = "../../gumbo-parser/src";
			sourceTree = "<group>";
		};
		E9C3B66D17BFDC6C001F07CC /* .deps */ = {
			isa = PBXGroup;
			children = (
				E9C3B66E17BFDC6C001F07CC /* .dirstamp */,
				E9C3B66F17BFDC6C001F07CC /* libgumbo_la-attribute.Plo */,
				E9C3B67017BFDC6C001F07CC /* libgumbo_la-char_ref.Plo */,
				E9C3B67117BFDC6C001F07CC /* libgumbo_la-error.Plo */,
				E9C3B67217BFDC6C001F07CC /* libgumbo_la-parser.Plo */,
				E9C3B67317BFDC6C001F07CC /* libgumbo_la-string_buffer.Plo */,
				E9C3B67417BFDC6C001F07CC /* libgumbo_la-string_piece.Plo */,
				E9C3B67517BFDC6C001F07CC /* libgumbo_la-tag.Plo */,
				E9C3B67617BFDC6C001F07CC /* libgumbo_la-tokenizer.Plo */,
				E9C3B67717BFDC6C001F07CC /* libgumbo_la-utf8.Plo */,
				E9C3B67817BFDC6C001F07CC /* libgumbo_la-util.Plo */,
				E9C3B67917BFDC6C001F07CC /* libgumbo_la-vector.Plo */,
			);
			path = .deps;
			sourceTree = "<group>";
		};
		E9C3B67B17BFDC6C001F07CC /* .libs */ = {
			isa = PBXGroup;
			children = (
				E9C3B67C17BFDC6C001F07CC /* libgumbo_la-attribute.o */,
				E9C3B67D17BFDC6C001F07CC /* libgumbo_la-char_ref.o */,
				E9C3B67E17BFDC6C001F07CC /* libgumbo_la-error.o */,
				E9C3B67F17BFDC6C001F07CC /* libgumbo_la-parser.o */,
				E9C3B68017BFDC6C001F07CC /* libgumbo_la-string_buffer.o */,
				E9C3B68117BFDC6C001F07CC /* libgumbo_la-string_piece.o */,
				E9C3B68217BFDC6C001F07CC /* libgumbo_la-tag.o */,
				E9C3B68317BFDC6C001F07CC /* libgumbo_la-tokenizer.o */,
				E9C3B68417BFDC6C001F07CC /* libgumbo_la-utf8.o */,
				E9C3B68517BFDC6C001F07CC /* libgumbo_la-util.o */,
				E9C3B68617BFDC6C001F07CC /* libgumbo_la-vector.o */,
			);
			path = .libs;
			sourceTree = "<group>";
		};
/* End PBXGroup section */

/* Begin PBXNativeTarget section */
		E9C3B62917BFDC4C001F07CC /* HTML to Markdown */ = {
			isa = PBXNativeTarget;
			buildConfigurationList = E9C3B65B17BFDC4C001F07CC /* Build configuration list for PBXNativeTarget "HTML to Markdown" */;
			buildPhases = (
				E9C3B62617BFDC4C001F07CC /* Sources */,
				E9C3B62717BFDC4C001F07CC /* Frameworks */,
				E9C3B62817BFDC4C001F07CC /* Resources */,
			);
			buildRules = (
			);
			dependencies = (
			);
			name = "HTML to Markdown";
			productName = "HTML to Markdown";
			productReference = E9C3B62A17BFDC4C001F07CC /* HTML to Markdown.app */;
			productType = "com.apple.product-type.application";
		};
		E9C3B64A17BFDC4C001F07CC /* HTML to MarkdownTests */ = {
			isa = PBXNativeTarget;
			buildConfigurationList = E9C3B65E17BFDC4C001F07CC /* Build configuration list for PBXNativeTarget "HTML to MarkdownTests" */;
			buildPhases = (
				E9C3B64717BFDC4C001F07CC /* Sources */,
				E9C3B64817BFDC4C001F07CC /* Frameworks */,
				E9C3B64917BFDC4C001F07CC /* Resources */,
			);
			buildRules = (
			);
			dependencies = (
				E9C3B65017BFDC4C001F07CC /* PBXTargetDependency */,
			);
			name = "HTML to MarkdownTests";
			productName = "HTML to MarkdownTests";
			productReference = E9C3B64B17BFDC4C001F07CC /* HTML to MarkdownTests.xctest */;
			productType = "com.apple.product-type.bundle.unit-test";
		};
/* End PBXNativeTarget section */

/* Begin PBXProject section */
		E9C3B62217BFDC4B001F07CC /* Project object */ = {
			isa = PBXProject;
			attributes = {
				LastUpgradeCheck = 0500;
				ORGANIZATIONNAME = "Programming Thomas";
				TargetAttributes = {
					E9C3B64A17BFDC4C001F07CC = {
						TestTargetID = E9C3B62917BFDC4C001F07CC;
					};
				};
			};
			buildConfigurationList = E9C3B62517BFDC4B001F07CC /* Build configuration list for PBXProject "HTML to Markdown" */;
			compatibilityVersion = "Xcode 3.2";
			developmentRegion = English;
			hasScannedForEncodings = 0;
			knownRegions = (
				en,
				Base,
			);
			mainGroup = E9C3B62117BFDC4B001F07CC;
			productRefGroup = E9C3B62B17BFDC4C001F07CC /* Products */;
			projectDirPath = "";
			projectRoot = "";
			targets = (
				E9C3B62917BFDC4C001F07CC /* HTML to Markdown */,
				E9C3B64A17BFDC4C001F07CC /* HTML to MarkdownTests */,
			);
		};
/* End PBXProject section */

/* Begin PBXResourcesBuildPhase section */
		E9C3B62817BFDC4C001F07CC /* Resources */ = {
			isa = PBXResourcesBuildPhase;
			buildActionMask = 2147483647;
			files = (
				E9C3B63817BFDC4C001F07CC /* InfoPlist.strings in Resources */,
				E9C3B64617BFDC4C001F07CC /* Images.xcassets in Resources */,
				E9C3B63E17BFDC4C001F07CC /* Credits.rtf in Resources */,
				E9C3B64417BFDC4C001F07CC /* MainMenu.xib in Resources */,
			);
			runOnlyForDeploymentPostprocessing = 0;
		};
		E9C3B64917BFDC4C001F07CC /* Resources */ = {
			isa = PBXResourcesBuildPhase;
			buildActionMask = 2147483647;
			files = (
				E9C3B65617BFDC4C001F07CC /* InfoPlist.strings in Resources */,
			);
			runOnlyForDeploymentPostprocessing = 0;
		};
/* End PBXResourcesBuildPhase section */

/* Begin PBXSourcesBuildPhase section */
		E9C3B62617BFDC4C001F07CC /* Sources */ = {
			isa = PBXSourcesBuildPhase;
			buildActionMask = 2147483647;
			files = (
				E95446FD17D07A4F00EC248A /* NSString+OGString.m in Sources */,
				E95446FE17D07A4F00EC248A /* OGUtility.m in Sources */,
				E9C3B6B617BFDC90001F07CC /* attribute.c in Sources */,
				E9C3B6B717BFDC90001F07CC /* char_ref.c in Sources */,
				E9C3B6B817BFDC90001F07CC /* error.c in Sources */,
				E9C3B6B917BFDC90001F07CC /* parser.c in Sources */,
				E9C3B6BA17BFDC90001F07CC /* string_buffer.c in Sources */,
				E9C3B6BB17BFDC90001F07CC /* string_piece.c in Sources */,
				E9C3B6BC17BFDC90001F07CC /* tag.c in Sources */,
				E9C3B6BD17BFDC90001F07CC /* tokenizer.c in Sources */,
				E9C3B6BE17BFDC90001F07CC /* utf8.c in Sources */,
				E9C3B6BF17BFDC90001F07CC /* util.c in Sources */,
				E9C3B6C017BFDC90001F07CC /* vector.c in Sources */,
				E9C3B6C117BFDC90001F07CC /* ObjectiveGumbo.m in Sources */,
				E9C3B6C217BFDC90001F07CC /* OGDocument.m in Sources */,
				E9C3B6C317BFDC90001F07CC /* OGElement.m in Sources */,
				E9C3B6C417BFDC90001F07CC /* OGNode.m in Sources */,
				E9C3B6C517BFDC90001F07CC /* OGText.m in Sources */,
				E9C3B64117BFDC4C001F07CC /* AppDelegate.m in Sources */,
				E9C3B63A17BFDC4C001F07CC /* main.m in Sources */,
			);
			runOnlyForDeploymentPostprocessing = 0;
		};
		E9C3B64717BFDC4C001F07CC /* Sources */ = {
			isa = PBXSourcesBuildPhase;
			buildActionMask = 2147483647;
			files = (
				E9C3B65817BFDC4C001F07CC /* HTML_to_MarkdownTests.m in Sources */,
			);
			runOnlyForDeploymentPostprocessing = 0;
		};
/* End PBXSourcesBuildPhase section */

/* Begin PBXTargetDependency section */
		E9C3B65017BFDC4C001F07CC /* PBXTargetDependency */ = {
			isa = PBXTargetDependency;
			target = E9C3B62917BFDC4C001F07CC /* HTML to Markdown */;
			targetProxy = E9C3B64F17BFDC4C001F07CC /* PBXContainerItemProxy */;
		};
/* End PBXTargetDependency section */

/* Begin PBXVariantGroup section */
		E9C3B63617BFDC4C001F07CC /* InfoPlist.strings */ = {
			isa = PBXVariantGroup;
			children = (
				E9C3B63717BFDC4C001F07CC /* en */,
			);
			name = InfoPlist.strings;
			sourceTree = "<group>";
		};
		E9C3B63C17BFDC4C001F07CC /* Credits.rtf */ = {
			isa = PBXVariantGroup;
			children = (
				E9C3B63D17BFDC4C001F07CC /* en */,
			);
			name = Credits.rtf;
			sourceTree = "<group>";
		};
		E9C3B64217BFDC4C001F07CC /* MainMenu.xib */ = {
			isa = PBXVariantGroup;
			children = (
				E9C3B64317BFDC4C001F07CC /* Base */,
			);
			name = MainMenu.xib;
			sourceTree = "<group>";
		};
		E9C3B65417BFDC4C001F07CC /* InfoPlist.strings */ = {
			isa = PBXVariantGroup;
			children = (
				E9C3B65517BFDC4C001F07CC /* en */,
			);
			name = InfoPlist.strings;
			sourceTree = "<group>";
		};
/* End PBXVariantGroup section */

/* Begin XCBuildConfiguration section */
		E9C3B65917BFDC4C001F07CC /* Debug */ = {
			isa = XCBuildConfiguration;
			buildSettings = {
				ALWAYS_SEARCH_USER_PATHS = NO;
				CLANG_CXX_LANGUAGE_STANDARD = "gnu++0x";
				CLANG_CXX_LIBRARY = "libc++";
				CLANG_ENABLE_MODULES = YES;
				CLANG_ENABLE_OBJC_ARC = YES;
				CLANG_WARN_BOOL_CONVERSION = YES;
				CLANG_WARN_CONSTANT_CONVERSION = YES;
				CLANG_WARN_DIRECT_OBJC_ISA_USAGE = YES_ERROR;
				CLANG_WARN_EMPTY_BODY = YES;
				CLANG_WARN_ENUM_CONVERSION = YES;
				CLANG_WARN_INT_CONVERSION = YES;
				CLANG_WARN_OBJC_ROOT_CLASS = YES_ERROR;
				CLANG_WARN__DUPLICATE_METHOD_MATCH = YES;
				COPY_PHASE_STRIP = NO;
				GCC_C_LANGUAGE_STANDARD = gnu99;
				GCC_DYNAMIC_NO_PIC = NO;
				GCC_ENABLE_OBJC_EXCEPTIONS = YES;
				GCC_OPTIMIZATION_LEVEL = 0;
				GCC_PREPROCESSOR_DEFINITIONS = (
					"DEBUG=1",
					"$(inherited)",
				);
				GCC_SYMBOLS_PRIVATE_EXTERN = NO;
				GCC_WARN_64_TO_32_BIT_CONVERSION = YES;
				GCC_WARN_ABOUT_RETURN_TYPE = YES_ERROR;
				GCC_WARN_UNDECLARED_SELECTOR = YES;
				GCC_WARN_UNINITIALIZED_AUTOS = YES;
				GCC_WARN_UNUSED_FUNCTION = YES;
				GCC_WARN_UNUSED_VARIABLE = YES;
				MACOSX_DEPLOYMENT_TARGET = 10.8;
				ONLY_ACTIVE_ARCH = YES;
				SDKROOT = macosx;
			};
			name = Debug;
		};
		E9C3B65A17BFDC4C001F07CC /* Release */ = {
			isa = XCBuildConfiguration;
			buildSettings = {
				ALWAYS_SEARCH_USER_PATHS = NO;
				CLANG_CXX_LANGUAGE_STANDARD = "gnu++0x";
				CLANG_CXX_LIBRARY = "libc++";
				CLANG_ENABLE_MODULES = YES;
				CLANG_ENABLE_OBJC_ARC = YES;
				CLANG_WARN_BOOL_CONVERSION = YES;
				CLANG_WARN_CONSTANT_CONVERSION = YES;
				CLANG_WARN_DIRECT_OBJC_ISA_USAGE = YES_ERROR;
				CLANG_WARN_EMPTY_BODY = YES;
				CLANG_WARN_ENUM_CONVERSION = YES;
				CLANG_WARN_INT_CONVERSION = YES;
				CLANG_WARN_OBJC_ROOT_CLASS = YES_ERROR;
				CLANG_WARN__DUPLICATE_METHOD_MATCH = YES;
				COPY_PHASE_STRIP = YES;
				DEBUG_INFORMATION_FORMAT = "dwarf-with-dsym";
				ENABLE_NS_ASSERTIONS = NO;
				GCC_C_LANGUAGE_STANDARD = gnu99;
				GCC_ENABLE_OBJC_EXCEPTIONS = YES;
				GCC_WARN_64_TO_32_BIT_CONVERSION = YES;
				GCC_WARN_ABOUT_RETURN_TYPE = YES_ERROR;
				GCC_WARN_UNDECLARED_SELECTOR = YES;
				GCC_WARN_UNINITIALIZED_AUTOS = YES;
				GCC_WARN_UNUSED_FUNCTION = YES;
				GCC_WARN_UNUSED_VARIABLE = YES;
				MACOSX_DEPLOYMENT_TARGET = 10.8;
				SDKROOT = macosx;
			};
			name = Release;
		};
		E9C3B65C17BFDC4C001F07CC /* Debug */ = {
			isa = XCBuildConfiguration;
			buildSettings = {
				ASSETCATALOG_COMPILER_APPICON_NAME = AppIcon;
				COMBINE_HIDPI_IMAGES = YES;
				GCC_PRECOMPILE_PREFIX_HEADER = YES;
				GCC_PREFIX_HEADER = "HTML to Markdown/HTML to Markdown-Prefix.pch";
				INFOPLIST_FILE = "HTML to Markdown/HTML to Markdown-Info.plist";
				PRODUCT_NAME = "$(TARGET_NAME)";
				WRAPPER_EXTENSION = app;
			};
			name = Debug;
		};
		E9C3B65D17BFDC4C001F07CC /* Release */ = {
			isa = XCBuildConfiguration;
			buildSettings = {
				ASSETCATALOG_COMPILER_APPICON_NAME = AppIcon;
				COMBINE_HIDPI_IMAGES = YES;
				GCC_PRECOMPILE_PREFIX_HEADER = YES;
				GCC_PREFIX_HEADER = "HTML to Markdown/HTML to Markdown-Prefix.pch";
				INFOPLIST_FILE = "HTML to Markdown/HTML to Markdown-Info.plist";
				PRODUCT_NAME = "$(TARGET_NAME)";
				WRAPPER_EXTENSION = app;
			};
			name = Release;
		};
		E9C3B65F17BFDC4C001F07CC /* Debug */ = {
			isa = XCBuildConfiguration;
			buildSettings = {
				BUNDLE_LOADER = "$(BUILT_PRODUCTS_DIR)/HTML to Markdown.app/Contents/MacOS/HTML to Markdown";
				COMBINE_HIDPI_IMAGES = YES;
				FRAMEWORK_SEARCH_PATHS = (
					"$(DEVELOPER_FRAMEWORKS_DIR)",
					"$(inherited)",
				);
				GCC_PRECOMPILE_PREFIX_HEADER = YES;
				GCC_PREFIX_HEADER = "HTML to Markdown/HTML to Markdown-Prefix.pch";
				GCC_PREPROCESSOR_DEFINITIONS = (
					"DEBUG=1",
					"$(inherited)",
				);
				INFOPLIST_FILE = "HTML to MarkdownTests/HTML to MarkdownTests-Info.plist";
				PRODUCT_NAME = "$(TARGET_NAME)";
				TEST_HOST = "$(BUNDLE_LOADER)";
				WRAPPER_EXTENSION = xctest;
			};
			name = Debug;
		};
		E9C3B66017BFDC4C001F07CC /* Release */ = {
			isa = XCBuildConfiguration;
			buildSettings = {
				BUNDLE_LOADER = "$(BUILT_PRODUCTS_DIR)/HTML to Markdown.app/Contents/MacOS/HTML to Markdown";
				COMBINE_HIDPI_IMAGES = YES;
				FRAMEWORK_SEARCH_PATHS = (
					"$(DEVELOPER_FRAMEWORKS_DIR)",
					"$(inherited)",
				);
				GCC_PRECOMPILE_PREFIX_HEADER = YES;
				GCC_PREFIX_HEADER = "HTML to Markdown/HTML to Markdown-Prefix.pch";
				INFOPLIST_FILE = "HTML to MarkdownTests/HTML to MarkdownTests-Info.plist";
				PRODUCT_NAME = "$(TARGET_NAME)";
				TEST_HOST = "$(BUNDLE_LOADER)";
				WRAPPER_EXTENSION = xctest;
			};
			name = Release;
		};
/* End XCBuildConfiguration section */

/* Begin XCConfigurationList section */
		E9C3B62517BFDC4B001F07CC /* Build configuration list for PBXProject "HTML to Markdown" */ = {
			isa = XCConfigurationList;
			buildConfigurations = (
				E9C3B65917BFDC4C001F07CC /* Debug */,
				E9C3B65A17BFDC4C001F07CC /* Release */,
			);
			defaultConfigurationIsVisible = 0;
			defaultConfigurationName = Release;
		};
		E9C3B65B17BFDC4C001F07CC /* Build configuration list for PBXNativeTarget "HTML to Markdown" */ = {
			isa = XCConfigurationList;
			buildConfigurations = (
				E9C3B65C17BFDC4C001F07CC /* Debug */,
				E9C3B65D17BFDC4C001F07CC /* Release */,
			);
			defaultConfigurationIsVisible = 0;
			defaultConfigurationName = Release;
		};
		E9C3B65E17BFDC4C001F07CC /* Build configuration list for PBXNativeTarget "HTML to MarkdownTests" */ = {
			isa = XCConfigurationList;
			buildConfigurations = (
				E9C3B65F17BFDC4C001F07CC /* Debug */,
				E9C3B66017BFDC4C001F07CC /* Release */,
			);
			defaultConfigurationIsVisible = 0;
			defaultConfigurationName = Release;
		};
/* End XCConfigurationList section */
	};
	rootObject = E9C3B62217BFDC4B001F07CC /* Project object */;
}
