// !$*UTF8*$!
{
	archiveVersion = 1;
	classes = {
	};
	objectVersion = 46;
	objects = {

/* Begin PBXBuildFile section */
		E9C0086D17D3495C006345CA /* Foundation.framework in Frameworks */ = {isa = PBXBuildFile; fileRef = E9C0086C17D3495C006345CA /* Foundation.framework */; };
		E9C0086F17D3495C006345CA /* CoreGraphics.framework in Frameworks */ = {isa = PBXBuildFile; fileRef = E9C0086E17D3495C006345CA /* CoreGraphics.framework */; };
		E9C0087117D3495C006345CA /* UIKit.framework in Frameworks */ = {isa = PBXBuildFile; fileRef = E9C0087017D3495C006345CA /* UIKit.framework */; };
		E9C0087717D3495D006345CA /* InfoPlist.strings in Resources */ = {isa = PBXBuildFile; fileRef = E9C0087517D3495D006345CA /* InfoPlist.strings */; };
		E9C0087917D3495D006345CA /* main.m in Sources */ = {isa = PBXBuildFile; fileRef = E9C0087817D3495D006345CA /* main.m */; };
		E9C0087D17D3495D006345CA /* PTAppDelegate.m in Sources */ = {isa = PBXBuildFile; fileRef = E9C0087C17D3495D006345CA /* PTAppDelegate.m */; };
		E9C0088017D3495D006345CA /* Main.storyboard in Resources */ = {isa = PBXBuildFile; fileRef = E9C0087E17D3495D006345CA /* Main.storyboard */; };
		E9C0088317D3495D006345CA /* PTViewController.m in Sources */ = {isa = PBXBuildFile; fileRef = E9C0088217D3495D006345CA /* PTViewController.m */; };
		E9C0088517D3495D006345CA /* Images.xcassets in Resources */ = {isa = PBXBuildFile; fileRef = E9C0088417D3495D006345CA /* Images.xcassets */; };
		E9C0088C17D3495D006345CA /* XCTest.framework in Frameworks */ = {isa = PBXBuildFile; fileRef = E9C0088B17D3495D006345CA /* XCTest.framework */; };
		E9C0088D17D3495D006345CA /* Foundation.framework in Frameworks */ = {isa = PBXBuildFile; fileRef = E9C0086C17D3495C006345CA /* Foundation.framework */; };
		E9C0088E17D3495D006345CA /* UIKit.framework in Frameworks */ = {isa = PBXBuildFile; fileRef = E9C0087017D3495C006345CA /* UIKit.framework */; };
		E9C0089617D3495D006345CA /* InfoPlist.strings in Resources */ = {isa = PBXBuildFile; fileRef = E9C0089417D3495D006345CA /* InfoPlist.strings */; };
		E9C0089817D3495D006345CA /* Periodic_TableTests.m in Sources */ = {isa = PBXBuildFile; fileRef = E9C0089717D3495D006345CA /* Periodic_TableTests.m */; };
		E9C008DE17D35DF7006345CA /* PTElement.m in Sources */ = {isa = PBXBuildFile; fileRef = E9C008DD17D35DF7006345CA /* PTElement.m */; };
		E9C008E117D36536006345CA /* PTElementView.m in Sources */ = {isa = PBXBuildFile; fileRef = E9C008E017D36536006345CA /* PTElementView.m */; };
		E9C008E417D36C66006345CA /* PTElementViewController.m in Sources */ = {isa = PBXBuildFile; fileRef = E9C008E317D36C66006345CA /* PTElementViewController.m */; };
		E9C008E617D36FA4006345CA /* CoreImage.framework in Frameworks */ = {isa = PBXBuildFile; fileRef = E9C008E517D36FA4006345CA /* CoreImage.framework */; };
		E9C0090317D483B2006345CA /* attribute.c in Sources */ = {isa = PBXBuildFile; fileRef = E9C008EA17D483B2006345CA /* attribute.c */; };
		E9C0090417D483B2006345CA /* char_ref.c in Sources */ = {isa = PBXBuildFile; fileRef = E9C008EC17D483B2006345CA /* char_ref.c */; };
		E9C0090517D483B2006345CA /* error.c in Sources */ = {isa = PBXBuildFile; fileRef = E9C008EE17D483B2006345CA /* error.c */; };
		E9C0090617D483B2006345CA /* parser.c in Sources */ = {isa = PBXBuildFile; fileRef = E9C008F217D483B2006345CA /* parser.c */; };
		E9C0090717D483B2006345CA /* string_buffer.c in Sources */ = {isa = PBXBuildFile; fileRef = E9C008F417D483B2006345CA /* string_buffer.c */; };
		E9C0090817D483B2006345CA /* string_piece.c in Sources */ = {isa = PBXBuildFile; fileRef = E9C008F617D483B2006345CA /* string_piece.c */; };
		E9C0090917D483B2006345CA /* tag.c in Sources */ = {isa = PBXBuildFile; fileRef = E9C008F817D483B2006345CA /* tag.c */; };
		E9C0090A17D483B2006345CA /* tokenizer.c in Sources */ = {isa = PBXBuildFile; fileRef = E9C008FB17D483B2006345CA /* tokenizer.c */; };
		E9C0090B17D483B2006345CA /* utf8.c in Sources */ = {isa = PBXBuildFile; fileRef = E9C008FD17D483B2006345CA /* utf8.c */; };
		E9C0090C17D483B2006345CA /* util.c in Sources */ = {isa = PBXBuildFile; fileRef = E9C008FF17D483B2006345CA /* util.c */; };
		E9C0090D17D483B2006345CA /* vector.c in Sources */ = {isa = PBXBuildFile; fileRef = E9C0090117D483B2006345CA /* vector.c */; };
		E9C0091C17D483C2006345CA /* NSString+OGString.m in Sources */ = {isa = PBXBuildFile; fileRef = E9C0090F17D483C2006345CA /* NSString+OGString.m */; };
		E9C0091D17D483C2006345CA /* ObjectiveGumbo.m in Sources */ = {isa = PBXBuildFile; fileRef = E9C0091117D483C2006345CA /* ObjectiveGumbo.m */; };
		E9C0091E17D483C2006345CA /* OGDocument.m in Sources */ = {isa = PBXBuildFile; fileRef = E9C0091317D483C2006345CA /* OGDocument.m */; };
		E9C0091F17D483C2006345CA /* OGElement.m in Sources */ = {isa = PBXBuildFile; fileRef = E9C0091517D483C2006345CA /* OGElement.m */; };
		E9C0092017D483C2006345CA /* OGNode.m in Sources */ = {isa = PBXBuildFile; fileRef = E9C0091717D483C2006345CA /* OGNode.m */; };
		E9C0092117D483C2006345CA /* OGText.m in Sources */ = {isa = PBXBuildFile; fileRef = E9C0091917D483C2006345CA /* OGText.m */; };
		E9C0092217D483C2006345CA /* OGUtility.m in Sources */ = {isa = PBXBuildFile; fileRef = E9C0091B17D483C2006345CA /* OGUtility.m */; };
/* End PBXBuildFile section */

/* Begin PBXContainerItemProxy section */
		E9C0088F17D3495D006345CA /* PBXContainerItemProxy */ = {
			isa = PBXContainerItemProxy;
			containerPortal = E9C0086117D3495C006345CA /* Project object */;
			proxyType = 1;
			remoteGlobalIDString = E9C0086817D3495C006345CA;
			remoteInfo = "Periodic Table";
		};
/* End PBXContainerItemProxy section */

/* Begin PBXFileReference section */
		E9C0086917D3495C006345CA /* Periodic Table.app */ = {isa = PBXFileReference; explicitFileType = wrapper.application; includeInIndex = 0; path = "Periodic Table.app"; sourceTree = BUILT_PRODUCTS_DIR; };
		E9C0086C17D3495C006345CA /* Foundation.framework */ = {isa = PBXFileReference; lastKnownFileType = wrapper.framework; name = Foundation.framework; path = System/Library/Frameworks/Foundation.framework; sourceTree = SDKROOT; };
		E9C0086E17D3495C006345CA /* CoreGraphics.framework */ = {isa = PBXFileReference; lastKnownFileType = wrapper.framework; name = CoreGraphics.framework; path = System/Library/Frameworks/CoreGraphics.framework; sourceTree = SDKROOT; };
		E9C0087017D3495C006345CA /* UIKit.framework */ = {isa = PBXFileReference; lastKnownFileType = wrapper.framework; name = UIKit.framework; path = System/Library/Frameworks/UIKit.framework; sourceTree = SDKROOT; };
		E9C0087417D3495D006345CA /* Periodic Table-Info.plist */ = {isa = PBXFileReference; lastKnownFileType = text.plist.xml; path = "Periodic Table-Info.plist"; sourceTree = "<group>"; };
		E9C0087617D3495D006345CA /* en */ = {isa = PBXFileReference; lastKnownFileType = text.plist.strings; name = en; path = en.lproj/InfoPlist.strings; sourceTree = "<group>"; };
		E9C0087817D3495D006345CA /* main.m */ = {isa = PBXFileReference; lastKnownFileType = sourcecode.c.objc; path = main.m; sourceTree = "<group>"; };
		E9C0087A17D3495D006345CA /* Periodic Table-Prefix.pch */ = {isa = PBXFileReference; lastKnownFileType = sourcecode.c.h; path = "Periodic Table-Prefix.pch"; sourceTree = "<group>"; };
		E9C0087B17D3495D006345CA /* PTAppDelegate.h */ = {isa = PBXFileReference; lastKnownFileType = sourcecode.c.h; path = PTAppDelegate.h; sourceTree = "<group>"; };
		E9C0087C17D3495D006345CA /* PTAppDelegate.m */ = {isa = PBXFileReference; lastKnownFileType = sourcecode.c.objc; path = PTAppDelegate.m; sourceTree = "<group>"; };
		E9C0087F17D3495D006345CA /* Base */ = {isa = PBXFileReference; lastKnownFileType = file.storyboard; name = Base; path = Base.lproj/Main.storyboard; sourceTree = "<group>"; };
		E9C0088117D3495D006345CA /* PTViewController.h */ = {isa = PBXFileReference; lastKnownFileType = sourcecode.c.h; path = PTViewController.h; sourceTree = "<group>"; };
		E9C0088217D3495D006345CA /* PTViewController.m */ = {isa = PBXFileReference; lastKnownFileType = sourcecode.c.objc; path = PTViewController.m; sourceTree = "<group>"; };
		E9C0088417D3495D006345CA /* Images.xcassets */ = {isa = PBXFileReference; lastKnownFileType = folder.assetcatalog; path = Images.xcassets; sourceTree = "<group>"; };
		E9C0088A17D3495D006345CA /* Periodic TableTests.xctest */ = {isa = PBXFileReference; explicitFileType = wrapper.cfbundle; includeInIndex = 0; path = "Periodic TableTests.xctest"; sourceTree = BUILT_PRODUCTS_DIR; };
		E9C0088B17D3495D006345CA /* XCTest.framework */ = {isa = PBXFileReference; lastKnownFileType = wrapper.framework; name = XCTest.framework; path = Library/Frameworks/XCTest.framework; sourceTree = DEVELOPER_DIR; };
		E9C0089317D3495D006345CA /* Periodic TableTests-Info.plist */ = {isa = PBXFileReference; lastKnownFileType = text.plist.xml; path = "Periodic TableTests-Info.plist"; sourceTree = "<group>"; };
		E9C0089517D3495D006345CA /* en */ = {isa = PBXFileReference; lastKnownFileType = text.plist.strings; name = en; path = en.lproj/InfoPlist.strings; sourceTree = "<group>"; };
		E9C0089717D3495D006345CA /* Periodic_TableTests.m */ = {isa = PBXFileReference; lastKnownFileType = sourcecode.c.objc; path = Periodic_TableTests.m; sourceTree = "<group>"; };
		E9C008DC17D35DF7006345CA /* PTElement.h */ = {isa = PBXFileReference; fileEncoding = 4; lastKnownFileType = sourcecode.c.h; path = PTElement.h; sourceTree = "<group>"; };
		E9C008DD17D35DF7006345CA /* PTElement.m */ = {isa = PBXFileReference; fileEncoding = 4; lastKnownFileType = sourcecode.c.objc; path = PTElement.m; sourceTree = "<group>"; };
		E9C008DF17D36536006345CA /* PTElementView.h */ = {isa = PBXFileReference; fileEncoding = 4; lastKnownFileType = sourcecode.c.h; path = PTElementView.h; sourceTree = "<group>"; };
		E9C008E017D36536006345CA /* PTElementView.m */ = {isa = PBXFileReference; fileEncoding = 4; lastKnownFileType = sourcecode.c.objc; path = PTElementView.m; sourceTree = "<group>"; };
		E9C008E217D36C66006345CA /* PTElementViewController.h */ = {isa = PBXFileReference; fileEncoding = 4; lastKnownFileType = sourcecode.c.h; path = PTElementViewController.h; sourceTree = "<group>"; };
		E9C008E317D36C66006345CA /* PTElementViewController.m */ = {isa = PBXFileReference; fileEncoding = 4; lastKnownFileType = sourcecode.c.objc; path = PTElementViewController.m; sourceTree = "<group>"; };
		E9C008E517D36FA4006345CA /* CoreImage.framework */ = {isa = PBXFileReference; lastKnownFileType = wrapper.framework; name = CoreImage.framework; path = System/Library/Frameworks/CoreImage.framework; sourceTree = SDKROOT; };
		E9C008EA17D483B2006345CA /* attribute.c */ = {isa = PBXFileReference; fileEncoding = 4; lastKnownFileType = sourcecode.c.c; name = attribute.c; path = "../../../gumbo-parser/src/attribute.c"; sourceTree = "<group>"; };
		E9C008EB17D483B2006345CA /* attribute.h */ = {isa = PBXFileReference; fileEncoding = 4; lastKnownFileType = sourcecode.c.h; name = attribute.h; path = "../../../gumbo-parser/src/attribute.h"; sourceTree = "<group>"; };
		E9C008EC17D483B2006345CA /* char_ref.c */ = {isa = PBXFileReference; fileEncoding = 4; lastKnownFileType = sourcecode.c.c; name = char_ref.c; path = "../../../gumbo-parser/src/char_ref.c"; sourceTree = "<group>"; };
		E9C008ED17D483B2006345CA /* char_ref.h */ = {isa = PBXFileReference; fileEncoding = 4; lastKnownFileType = sourcecode.c.h; name = char_ref.h; path = "../../../gumbo-parser/src/char_ref.h"; sourceTree = "<group>"; };
		E9C008EE17D483B2006345CA /* error.c */ = {isa = PBXFileReference; fileEncoding = 4; lastKnownFileType = sourcecode.c.c; name = error.c; path = "../../../gumbo-parser/src/error.c"; sourceTree = "<group>"; };
		E9C008EF17D483B2006345CA /* error.h */ = {isa = PBXFileReference; fileEncoding = 4; lastKnownFileType = sourcecode.c.h; name = error.h; path = "../../../gumbo-parser/src/error.h"; sourceTree = "<group>"; };
		E9C008F017D483B2006345CA /* gumbo.h */ = {isa = PBXFileReference; fileEncoding = 4; lastKnownFileType = sourcecode.c.h; name = gumbo.h; path = "../../../gumbo-parser/src/gumbo.h"; sourceTree = "<group>"; };
		E9C008F117D483B2006345CA /* insertion_mode.h */ = {isa = PBXFileReference; fileEncoding = 4; lastKnownFileType = sourcecode.c.h; name = insertion_mode.h; path = "../../../gumbo-parser/src/insertion_mode.h"; sourceTree = "<group>"; };
		E9C008F217D483B2006345CA /* parser.c */ = {isa = PBXFileReference; fileEncoding = 4; lastKnownFileType = sourcecode.c.c; name = parser.c; path = "../../../gumbo-parser/src/parser.c"; sourceTree = "<group>"; };
		E9C008F317D483B2006345CA /* parser.h */ = {isa = PBXFileReference; fileEncoding = 4; lastKnownFileType = sourcecode.c.h; name = parser.h; path = "../../../gumbo-parser/src/parser.h"; sourceTree = "<group>"; };
		E9C008F417D483B2006345CA /* string_buffer.c */ = {isa = PBXFileReference; fileEncoding = 4; lastKnownFileType = sourcecode.c.c; name = string_buffer.c; path = "../../../gumbo-parser/src/string_buffer.c"; sourceTree = "<group>"; };
		E9C008F517D483B2006345CA /* string_buffer.h */ = {isa = PBXFileReference; fileEncoding = 4; lastKnownFileType = sourcecode.c.h; name = string_buffer.h; path = "../../../gumbo-parser/src/string_buffer.h"; sourceTree = "<group>"; };
		E9C008F617D483B2006345CA /* string_piece.c */ = {isa = PBXFileReference; fileEncoding = 4; lastKnownFileType = sourcecode.c.c; name = string_piece.c; path = "../../../gumbo-parser/src/string_piece.c"; sourceTree = "<group>"; };
		E9C008F717D483B2006345CA /* string_piece.h */ = {isa = PBXFileReference; fileEncoding = 4; lastKnownFileType = sourcecode.c.h; name = string_piece.h; path = "../../../gumbo-parser/src/string_piece.h"; sourceTree = "<group>"; };
		E9C008F817D483B2006345CA /* tag.c */ = {isa = PBXFileReference; fileEncoding = 4; lastKnownFileType = sourcecode.c.c; name = tag.c; path = "../../../gumbo-parser/src/tag.c"; sourceTree = "<group>"; };
		E9C008F917D483B2006345CA /* token_type.h */ = {isa = PBXFileReference; fileEncoding = 4; lastKnownFileType = sourcecode.c.h; name = token_type.h; path = "../../../gumbo-parser/src/token_type.h"; sourceTree = "<group>"; };
		E9C008FA17D483B2006345CA /* tokenizer_states.h */ = {isa = PBXFileReference; fileEncoding = 4; lastKnownFileType = sourcecode.c.h; name = tokenizer_states.h; path = "../../../gumbo-parser/src/tokenizer_states.h"; sourceTree = "<group>"; };
		E9C008FB17D483B2006345CA /* tokenizer.c */ = {isa = PBXFileReference; fileEncoding = 4; lastKnownFileType = sourcecode.c.c; name = tokenizer.c; path = "../../../gumbo-parser/src/tokenizer.c"; sourceTree = "<group>"; };
		E9C008FC17D483B2006345CA /* tokenizer.h */ = {isa = PBXFileReference; fileEncoding = 4; lastKnownFileType = sourcecode.c.h; name = tokenizer.h; path = "../../../gumbo-parser/src/tokenizer.h"; sourceTree = "<group>"; };
		E9C008FD17D483B2006345CA /* utf8.c */ = {isa = PBXFileReference; fileEncoding = 4; lastKnownFileType = sourcecode.c.c; name = utf8.c; path = "../../../gumbo-parser/src/utf8.c"; sourceTree = "<group>"; };
		E9C008FE17D483B2006345CA /* utf8.h */ = {isa = PBXFileReference; fileEncoding = 4; lastKnownFileType = sourcecode.c.h; name = utf8.h; path = "../../../gumbo-parser/src/utf8.h"; sourceTree = "<group>"; };
		E9C008FF17D483B2006345CA /* util.c */ = {isa = PBXFileReference; fileEncoding = 4; lastKnownFileType = sourcecode.c.c; name = util.c; path = "../../../gumbo-parser/src/util.c"; sourceTree = "<group>"; };
		E9C0090017D483B2006345CA /* util.h */ = {isa = PBXFileReference; fileEncoding = 4; lastKnownFileType = sourcecode.c.h; name = util.h; path = "../../../gumbo-parser/src/util.h"; sourceTree = "<group>"; };
		E9C0090117D483B2006345CA /* vector.c */ = {isa = PBXFileReference; fileEncoding = 4; lastKnownFileType = sourcecode.c.c; name = vector.c; path = "../../../gumbo-parser/src/vector.c"; sourceTree = "<group>"; };
		E9C0090217D483B2006345CA /* vector.h */ = {isa = PBXFileReference; fileEncoding = 4; lastKnownFileType = sourcecode.c.h; name = vector.h; path = "../../../gumbo-parser/src/vector.h"; sourceTree = "<group>"; };
		E9C0090E17D483C2006345CA /* NSString+OGString.h */ = {isa = PBXFileReference; fileEncoding = 4; lastKnownFileType = sourcecode.c.h; name = "NSString+OGString.h"; path = "../../ObjectiveGumbo/NSString+OGString.h"; sourceTree = "<group>"; };
		E9C0090F17D483C2006345CA /* NSString+OGString.m */ = {isa = PBXFileReference; fileEncoding = 4; lastKnownFileType = sourcecode.c.objc; name = "NSString+OGString.m"; path = "../../ObjectiveGumbo/NSString+OGString.m"; sourceTree = "<group>"; };
		E9C0091017D483C2006345CA /* ObjectiveGumbo.h */ = {isa = PBXFileReference; fileEncoding = 4; lastKnownFileType = sourcecode.c.h; name = ObjectiveGumbo.h; path = ../../ObjectiveGumbo/ObjectiveGumbo.h; sourceTree = "<group>"; };
		E9C0091117D483C2006345CA /* ObjectiveGumbo.m */ = {isa = PBXFileReference; fileEncoding = 4; lastKnownFileType = sourcecode.c.objc; name = ObjectiveGumbo.m; path = ../../ObjectiveGumbo/ObjectiveGumbo.m; sourceTree = "<group>"; };
		E9C0091217D483C2006345CA /* OGDocument.h */ = {isa = PBXFileReference; fileEncoding = 4; lastKnownFileType = sourcecode.c.h; name = OGDocument.h; path = ../../ObjectiveGumbo/OGDocument.h; sourceTree = "<group>"; };
		E9C0091317D483C2006345CA /* OGDocument.m */ = {isa = PBXFileReference; fileEncoding = 4; lastKnownFileType = sourcecode.c.objc; name = OGDocument.m; path = ../../ObjectiveGumbo/OGDocument.m; sourceTree = "<group>"; };
		E9C0091417D483C2006345CA /* OGElement.h */ = {isa = PBXFileReference; fileEncoding = 4; lastKnownFileType = sourcecode.c.h; name = OGElement.h; path = ../../ObjectiveGumbo/OGElement.h; sourceTree = "<group>"; };
		E9C0091517D483C2006345CA /* OGElement.m */ = {isa = PBXFileReference; fileEncoding = 4; lastKnownFileType = sourcecode.c.objc; name = OGElement.m; path = ../../ObjectiveGumbo/OGElement.m; sourceTree = "<group>"; };
		E9C0091617D483C2006345CA /* OGNode.h */ = {isa = PBXFileReference; fileEncoding = 4; lastKnownFileType = sourcecode.c.h; name = OGNode.h; path = ../../ObjectiveGumbo/OGNode.h; sourceTree = "<group>"; };
		E9C0091717D483C2006345CA /* OGNode.m */ = {isa = PBXFileReference; fileEncoding = 4; lastKnownFileType = sourcecode.c.objc; name = OGNode.m; path = ../../ObjectiveGumbo/OGNode.m; sourceTree = "<group>"; };
		E9C0091817D483C2006345CA /* OGText.h */ = {isa = PBXFileReference; fileEncoding = 4; lastKnownFileType = sourcecode.c.h; name = OGText.h; path = ../../ObjectiveGumbo/OGText.h; sourceTree = "<group>"; };
		E9C0091917D483C2006345CA /* OGText.m */ = {isa = PBXFileReference; fileEncoding = 4; lastKnownFileType = sourcecode.c.objc; name = OGText.m; path = ../../ObjectiveGumbo/OGText.m; sourceTree = "<group>"; };
		E9C0091A17D483C2006345CA /* OGUtility.h */ = {isa = PBXFileReference; fileEncoding = 4; lastKnownFileType = sourcecode.c.h; name = OGUtility.h; path = ../../ObjectiveGumbo/OGUtility.h; sourceTree = "<group>"; };
		E9C0091B17D483C2006345CA /* OGUtility.m */ = {isa = PBXFileReference; fileEncoding = 4; lastKnownFileType = sourcecode.c.objc; name = OGUtility.m; path = ../../ObjectiveGumbo/OGUtility.m; sourceTree = "<group>"; };
/* End PBXFileReference section */

/* Begin PBXFrameworksBuildPhase section */
		E9C0086617D3495C006345CA /* Frameworks */ = {
			isa = PBXFrameworksBuildPhase;
			buildActionMask = 2147483647;
			files = (
				E9C008E617D36FA4006345CA /* CoreImage.framework in Frameworks */,
				E9C0086F17D3495C006345CA /* CoreGraphics.framework in Frameworks */,
				E9C0087117D3495C006345CA /* UIKit.framework in Frameworks */,
				E9C0086D17D3495C006345CA /* Foundation.framework in Frameworks */,
			);
			runOnlyForDeploymentPostprocessing = 0;
		};
		E9C0088717D3495D006345CA /* Frameworks */ = {
			isa = PBXFrameworksBuildPhase;
			buildActionMask = 2147483647;
			files = (
				E9C0088C17D3495D006345CA /* XCTest.framework in Frameworks */,
				E9C0088E17D3495D006345CA /* UIKit.framework in Frameworks */,
				E9C0088D17D3495D006345CA /* Foundation.framework in Frameworks */,
			);
			runOnlyForDeploymentPostprocessing = 0;
		};
/* End PBXFrameworksBuildPhase section */

/* Begin PBXGroup section */
		E9C0086017D3495C006345CA = {
			isa = PBXGroup;
			children = (
				E9C0087217D3495C006345CA /* Periodic Table */,
				E9C0089117D3495D006345CA /* Periodic TableTests */,
				E9C0086B17D3495C006345CA /* Frameworks */,
				E9C0086A17D3495C006345CA /* Products */,
			);
			sourceTree = "<group>";
		};
		E9C0086A17D3495C006345CA /* Products */ = {
			isa = PBXGroup;
			children = (
				E9C0086917D3495C006345CA /* Periodic Table.app */,
				E9C0088A17D3495D006345CA /* Periodic TableTests.xctest */,
			);
			name = Products;
			sourceTree = "<group>";
		};
		E9C0086B17D3495C006345CA /* Frameworks */ = {
			isa = PBXGroup;
			children = (
				E9C008E517D36FA4006345CA /* CoreImage.framework */,
				E9C0086C17D3495C006345CA /* Foundation.framework */,
				E9C0086E17D3495C006345CA /* CoreGraphics.framework */,
				E9C0087017D3495C006345CA /* UIKit.framework */,
				E9C0088B17D3495D006345CA /* XCTest.framework */,
			);
			name = Frameworks;
			sourceTree = "<group>";
		};
		E9C0087217D3495C006345CA /* Periodic Table */ = {
			isa = PBXGroup;
			children = (
				E9C008A217D3497E006345CA /* ObjectiveGumbo */,
				E9C008A117D34972006345CA /* Gumbo */,
				E9C0087B17D3495D006345CA /* PTAppDelegate.h */,
				E9C0087C17D3495D006345CA /* PTAppDelegate.m */,
				E9C0087E17D3495D006345CA /* Main.storyboard */,
				E9C0088117D3495D006345CA /* PTViewController.h */,
				E9C0088217D3495D006345CA /* PTViewController.m */,
				E9C0088417D3495D006345CA /* Images.xcassets */,
				E9C0087317D3495D006345CA /* Supporting Files */,
				E9C008DC17D35DF7006345CA /* PTElement.h */,
				E9C008DD17D35DF7006345CA /* PTElement.m */,
				E9C008DF17D36536006345CA /* PTElementView.h */,
				E9C008E017D36536006345CA /* PTElementView.m */,
				E9C008E217D36C66006345CA /* PTElementViewController.h */,
				E9C008E317D36C66006345CA /* PTElementViewController.m */,
			);
			path = "Periodic Table";
			sourceTree = "<group>";
		};
		E9C0087317D3495D006345CA /* Supporting Files */ = {
			isa = PBXGroup;
			children = (
				E9C0087417D3495D006345CA /* Periodic Table-Info.plist */,
				E9C0087517D3495D006345CA /* InfoPlist.strings */,
				E9C0087817D3495D006345CA /* main.m */,
				E9C0087A17D3495D006345CA /* Periodic Table-Prefix.pch */,
			);
			name = "Supporting Files";
			sourceTree = "<group>";
		};
		E9C0089117D3495D006345CA /* Periodic TableTests */ = {
			isa = PBXGroup;
			children = (
				E9C0089717D3495D006345CA /* Periodic_TableTests.m */,
				E9C0089217D3495D006345CA /* Supporting Files */,
			);
			path = "Periodic TableTests";
			sourceTree = "<group>";
		};
		E9C0089217D3495D006345CA /* Supporting Files */ = {
			isa = PBXGroup;
			children = (
				E9C0089317D3495D006345CA /* Periodic TableTests-Info.plist */,
				E9C0089417D3495D006345CA /* InfoPlist.strings */,
			);
			name = "Supporting Files";
			sourceTree = "<group>";
		};
		E9C008A117D34972006345CA /* Gumbo */ = {
			isa = PBXGroup;
			children = (
				E9C008EA17D483B2006345CA /* attribute.c */,
				E9C008EB17D483B2006345CA /* attribute.h */,
				E9C008EC17D483B2006345CA /* char_ref.c */,
				E9C008ED17D483B2006345CA /* char_ref.h */,
				E9C008EE17D483B2006345CA /* error.c */,
				E9C008EF17D483B2006345CA /* error.h */,
				E9C008F017D483B2006345CA /* gumbo.h */,
				E9C008F117D483B2006345CA /* insertion_mode.h */,
				E9C008F217D483B2006345CA /* parser.c */,
				E9C008F317D483B2006345CA /* parser.h */,
				E9C008F417D483B2006345CA /* string_buffer.c */,
				E9C008F517D483B2006345CA /* string_buffer.h */,
				E9C008F617D483B2006345CA /* string_piece.c */,
				E9C008F717D483B2006345CA /* string_piece.h */,
				E9C008F817D483B2006345CA /* tag.c */,
				E9C008F917D483B2006345CA /* token_type.h */,
				E9C008FA17D483B2006345CA /* tokenizer_states.h */,
				E9C008FB17D483B2006345CA /* tokenizer.c */,
				E9C008FC17D483B2006345CA /* tokenizer.h */,
				E9C008FD17D483B2006345CA /* utf8.c */,
				E9C008FE17D483B2006345CA /* utf8.h */,
				E9C008FF17D483B2006345CA /* util.c */,
				E9C0090017D483B2006345CA /* util.h */,
				E9C0090117D483B2006345CA /* vector.c */,
				E9C0090217D483B2006345CA /* vector.h */,
			);
			name = Gumbo;
			sourceTree = "<group>";
		};
		E9C008A217D3497E006345CA /* ObjectiveGumbo */ = {
			isa = PBXGroup;
			children = (
				E9C0090E17D483C2006345CA /* NSString+OGString.h */,
				E9C0090F17D483C2006345CA /* NSString+OGString.m */,
				E9C0091017D483C2006345CA /* ObjectiveGumbo.h */,
				E9C0091117D483C2006345CA /* ObjectiveGumbo.m */,
				E9C0091217D483C2006345CA /* OGDocument.h */,
				E9C0091317D483C2006345CA /* OGDocument.m */,
				E9C0091417D483C2006345CA /* OGElement.h */,
				E9C0091517D483C2006345CA /* OGElement.m */,
				E9C0091617D483C2006345CA /* OGNode.h */,
				E9C0091717D483C2006345CA /* OGNode.m */,
				E9C0091817D483C2006345CA /* OGText.h */,
				E9C0091917D483C2006345CA /* OGText.m */,
				E9C0091A17D483C2006345CA /* OGUtility.h */,
				E9C0091B17D483C2006345CA /* OGUtility.m */,
			);
			name = ObjectiveGumbo;
			sourceTree = "<group>";
		};
/* End PBXGroup section */

/* Begin PBXNativeTarget section */
		E9C0086817D3495C006345CA /* Periodic Table */ = {
			isa = PBXNativeTarget;
			buildConfigurationList = E9C0089B17D3495D006345CA /* Build configuration list for PBXNativeTarget "Periodic Table" */;
			buildPhases = (
				E9C0086517D3495C006345CA /* Sources */,
				E9C0086617D3495C006345CA /* Frameworks */,
				E9C0086717D3495C006345CA /* Resources */,
			);
			buildRules = (
			);
			dependencies = (
			);
			name = "Periodic Table";
			productName = "Periodic Table";
			productReference = E9C0086917D3495C006345CA /* Periodic Table.app */;
			productType = "com.apple.product-type.application";
		};
		E9C0088917D3495D006345CA /* Periodic TableTests */ = {
			isa = PBXNativeTarget;
			buildConfigurationList = E9C0089E17D3495D006345CA /* Build configuration list for PBXNativeTarget "Periodic TableTests" */;
			buildPhases = (
				E9C0088617D3495D006345CA /* Sources */,
				E9C0088717D3495D006345CA /* Frameworks */,
				E9C0088817D3495D006345CA /* Resources */,
			);
			buildRules = (
			);
			dependencies = (
				E9C0089017D3495D006345CA /* PBXTargetDependency */,
			);
			name = "Periodic TableTests";
			productName = "Periodic TableTests";
			productReference = E9C0088A17D3495D006345CA /* Periodic TableTests.xctest */;
			productType = "com.apple.product-type.bundle.unit-test";
		};
/* End PBXNativeTarget section */

/* Begin PBXProject section */
		E9C0086117D3495C006345CA /* Project object */ = {
			isa = PBXProject;
			attributes = {
				CLASSPREFIX = PT;
				LastUpgradeCheck = 0500;
				ORGANIZATIONNAME = "Programming Thomas";
				TargetAttributes = {
					E9C0086817D3495C006345CA = {
						DevelopmentTeam = XT4Q76JCC4;
					};
					E9C0088917D3495D006345CA = {
						TestTargetID = E9C0086817D3495C006345CA;
					};
				};
			};
			buildConfigurationList = E9C0086417D3495C006345CA /* Build configuration list for PBXProject "Periodic Table" */;
			compatibilityVersion = "Xcode 3.2";
			developmentRegion = English;
			hasScannedForEncodings = 0;
			knownRegions = (
				en,
				Base,
			);
			mainGroup = E9C0086017D3495C006345CA;
			productRefGroup = E9C0086A17D3495C006345CA /* Products */;
			projectDirPath = "";
			projectRoot = "";
			targets = (
				E9C0086817D3495C006345CA /* Periodic Table */,
				E9C0088917D3495D006345CA /* Periodic TableTests */,
			);
		};
/* End PBXProject section */

/* Begin PBXResourcesBuildPhase section */
		E9C0086717D3495C006345CA /* Resources */ = {
			isa = PBXResourcesBuildPhase;
			buildActionMask = 2147483647;
			files = (
				E9C0088517D3495D006345CA /* Images.xcassets in Resources */,
				E9C0087717D3495D006345CA /* InfoPlist.strings in Resources */,
				E9C0088017D3495D006345CA /* Main.storyboard in Resources */,
			);
			runOnlyForDeploymentPostprocessing = 0;
		};
		E9C0088817D3495D006345CA /* Resources */ = {
			isa = PBXResourcesBuildPhase;
			buildActionMask = 2147483647;
			files = (
				E9C0089617D3495D006345CA /* InfoPlist.strings in Resources */,
			);
			runOnlyForDeploymentPostprocessing = 0;
		};
/* End PBXResourcesBuildPhase section */

/* Begin PBXSourcesBuildPhase section */
		E9C0086517D3495C006345CA /* Sources */ = {
			isa = PBXSourcesBuildPhase;
			buildActionMask = 2147483647;
			files = (
				E9C0092217D483C2006345CA /* OGUtility.m in Sources */,
				E9C0092117D483C2006345CA /* OGText.m in Sources */,
				E9C0090617D483B2006345CA /* parser.c in Sources */,
				E9C0091D17D483C2006345CA /* ObjectiveGumbo.m in Sources */,
				E9C0090417D483B2006345CA /* char_ref.c in Sources */,
				E9C0090717D483B2006345CA /* string_buffer.c in Sources */,
				E9C0090C17D483B2006345CA /* util.c in Sources */,
				E9C0092017D483C2006345CA /* OGNode.m in Sources */,
				E9C0090A17D483B2006345CA /* tokenizer.c in Sources */,
				E9C0091F17D483C2006345CA /* OGElement.m in Sources */,
				E9C008E417D36C66006345CA /* PTElementViewController.m in Sources */,
				E9C0090517D483B2006345CA /* error.c in Sources */,
				E9C0090817D483B2006345CA /* string_piece.c in Sources */,
				E9C0087D17D3495D006345CA /* PTAppDelegate.m in Sources */,
				E9C0090317D483B2006345CA /* attribute.c in Sources */,
				E9C0090917D483B2006345CA /* tag.c in Sources */,
				E9C0091E17D483C2006345CA /* OGDocument.m in Sources */,
				E9C0088317D3495D006345CA /* PTViewController.m in Sources */,
				E9C008DE17D35DF7006345CA /* PTElement.m in Sources */,
				E9C0087917D3495D006345CA /* main.m in Sources */,
				E9C0091C17D483C2006345CA /* NSString+OGString.m in Sources */,
				E9C0090D17D483B2006345CA /* vector.c in Sources */,
				E9C0090B17D483B2006345CA /* utf8.c in Sources */,
				E9C008E117D36536006345CA /* PTElementView.m in Sources */,
			);
			runOnlyForDeploymentPostprocessing = 0;
		};
		E9C0088617D3495D006345CA /* Sources */ = {
			isa = PBXSourcesBuildPhase;
			buildActionMask = 2147483647;
			files = (
				E9C0089817D3495D006345CA /* Periodic_TableTests.m in Sources */,
			);
			runOnlyForDeploymentPostprocessing = 0;
		};
/* End PBXSourcesBuildPhase section */

/* Begin PBXTargetDependency section */
		E9C0089017D3495D006345CA /* PBXTargetDependency */ = {
			isa = PBXTargetDependency;
			target = E9C0086817D3495C006345CA /* Periodic Table */;
			targetProxy = E9C0088F17D3495D006345CA /* PBXContainerItemProxy */;
		};
/* End PBXTargetDependency section */

/* Begin PBXVariantGroup section */
		E9C0087517D3495D006345CA /* InfoPlist.strings */ = {
			isa = PBXVariantGroup;
			children = (
				E9C0087617D3495D006345CA /* en */,
			);
			name = InfoPlist.strings;
			sourceTree = "<group>";
		};
		E9C0087E17D3495D006345CA /* Main.storyboard */ = {
			isa = PBXVariantGroup;
			children = (
				E9C0087F17D3495D006345CA /* Base */,
			);
			name = Main.storyboard;
			sourceTree = "<group>";
		};
		E9C0089417D3495D006345CA /* InfoPlist.strings */ = {
			isa = PBXVariantGroup;
			children = (
				E9C0089517D3495D006345CA /* en */,
			);
			name = InfoPlist.strings;
			sourceTree = "<group>";
		};
/* End PBXVariantGroup section */

/* Begin XCBuildConfiguration section */
		E9C0089917D3495D006345CA /* Debug */ = {
			isa = XCBuildConfiguration;
			buildSettings = {
				ALWAYS_SEARCH_USER_PATHS = NO;
				CLANG_CXX_LANGUAGE_STANDARD = "gnu++0x";
				CLANG_CXX_LIBRARY = "libc++";
				CLANG_ENABLE_MODULES = YES;
				CLANG_ENABLE_OBJC_ARC = YES;
				CLANG_WARN_BOOL_CONVERSION = YES;
				CLANG_WARN_CONSTANT_CONVERSION = YES;
				CLANG_WARN_DIRECT_OBJC_ISA_USAGE = YES_ERROR;
				CLANG_WARN_EMPTY_BODY = YES;
				CLANG_WARN_ENUM_CONVERSION = YES;
				CLANG_WARN_INT_CONVERSION = YES;
				CLANG_WARN_OBJC_ROOT_CLASS = YES_ERROR;
				CLANG_WARN__DUPLICATE_METHOD_MATCH = YES;
				"CODE_SIGN_IDENTITY[sdk=iphoneos*]" = "iPhone Developer";
				COPY_PHASE_STRIP = NO;
				GCC_C_LANGUAGE_STANDARD = gnu99;
				GCC_DYNAMIC_NO_PIC = NO;
				GCC_OPTIMIZATION_LEVEL = 0;
				GCC_PREPROCESSOR_DEFINITIONS = (
					"DEBUG=1",
					"$(inherited)",
				);
				GCC_SYMBOLS_PRIVATE_EXTERN = NO;
				GCC_WARN_ABOUT_RETURN_TYPE = YES_ERROR;
				GCC_WARN_UNDECLARED_SELECTOR = YES;
				GCC_WARN_UNINITIALIZED_AUTOS = YES;
				GCC_WARN_UNUSED_FUNCTION = YES;
				GCC_WARN_UNUSED_VARIABLE = YES;
				IPHONEOS_DEPLOYMENT_TARGET = 7.0;
				ONLY_ACTIVE_ARCH = YES;
				SDKROOT = iphoneos;
				TARGETED_DEVICE_FAMILY = 2;
			};
			name = Debug;
		};
		E9C0089A17D3495D006345CA /* Release */ = {
			isa = XCBuildConfiguration;
			buildSettings = {
				ALWAYS_SEARCH_USER_PATHS = NO;
				CLANG_CXX_LANGUAGE_STANDARD = "gnu++0x";
				CLANG_CXX_LIBRARY = "libc++";
				CLANG_ENABLE_MODULES = YES;
				CLANG_ENABLE_OBJC_ARC = YES;
				CLANG_WARN_BOOL_CONVERSION = YES;
				CLANG_WARN_CONSTANT_CONVERSION = YES;
				CLANG_WARN_DIRECT_OBJC_ISA_USAGE = YES_ERROR;
				CLANG_WARN_EMPTY_BODY = YES;
				CLANG_WARN_ENUM_CONVERSION = YES;
				CLANG_WARN_INT_CONVERSION = YES;
				CLANG_WARN_OBJC_ROOT_CLASS = YES_ERROR;
				CLANG_WARN__DUPLICATE_METHOD_MATCH = YES;
				"CODE_SIGN_IDENTITY[sdk=iphoneos*]" = "iPhone Developer";
				COPY_PHASE_STRIP = YES;
				ENABLE_NS_ASSERTIONS = NO;
				GCC_C_LANGUAGE_STANDARD = gnu99;
				GCC_WARN_ABOUT_RETURN_TYPE = YES_ERROR;
				GCC_WARN_UNDECLARED_SELECTOR = YES;
				GCC_WARN_UNINITIALIZED_AUTOS = YES;
				GCC_WARN_UNUSED_FUNCTION = YES;
				GCC_WARN_UNUSED_VARIABLE = YES;
				IPHONEOS_DEPLOYMENT_TARGET = 7.0;
				SDKROOT = iphoneos;
				TARGETED_DEVICE_FAMILY = 2;
				VALIDATE_PRODUCT = YES;
			};
			name = Release;
		};
		E9C0089C17D3495D006345CA /* Debug */ = {
			isa = XCBuildConfiguration;
			buildSettings = {
				ASSETCATALOG_COMPILER_APPICON_NAME = AppIcon;
				ASSETCATALOG_COMPILER_LAUNCHIMAGE_NAME = LaunchImage;
				CODE_SIGN_IDENTITY = "iPhone Developer";
				"CODE_SIGN_IDENTITY[sdk=iphoneos*]" = "iPhone Developer";
				GCC_PRECOMPILE_PREFIX_HEADER = YES;
				GCC_PREFIX_HEADER = "Periodic Table/Periodic Table-Prefix.pch";
				INFOPLIST_FILE = "Periodic Table/Periodic Table-Info.plist";
				PRODUCT_NAME = "$(TARGET_NAME)";
				PROVISIONING_PROFILE = "";
				WRAPPER_EXTENSION = app;
			};
			name = Debug;
		};
		E9C0089D17D3495D006345CA /* Release */ = {
			isa = XCBuildConfiguration;
			buildSettings = {
				ASSETCATALOG_COMPILER_APPICON_NAME = AppIcon;
				ASSETCATALOG_COMPILER_LAUNCHIMAGE_NAME = LaunchImage;
				CODE_SIGN_IDENTITY = "iPhone Developer";
				"CODE_SIGN_IDENTITY[sdk=iphoneos*]" = "iPhone Developer";
				GCC_PRECOMPILE_PREFIX_HEADER = YES;
				GCC_PREFIX_HEADER = "Periodic Table/Periodic Table-Prefix.pch";
				INFOPLIST_FILE = "Periodic Table/Periodic Table-Info.plist";
				PRODUCT_NAME = "$(TARGET_NAME)";
				PROVISIONING_PROFILE = "";
				WRAPPER_EXTENSION = app;
			};
			name = Release;
		};
		E9C0089F17D3495D006345CA /* Debug */ = {
			isa = XCBuildConfiguration;
			buildSettings = {
				BUNDLE_LOADER = "$(BUILT_PRODUCTS_DIR)/Periodic Table.app/Periodic Table";
				FRAMEWORK_SEARCH_PATHS = (
					"$(SDKROOT)/Developer/Library/Frameworks",
					"$(inherited)",
					"$(DEVELOPER_FRAMEWORKS_DIR)",
				);
				GCC_PRECOMPILE_PREFIX_HEADER = YES;
				GCC_PREFIX_HEADER = "Periodic Table/Periodic Table-Prefix.pch";
				GCC_PREPROCESSOR_DEFINITIONS = (
					"DEBUG=1",
					"$(inherited)",
				);
				INFOPLIST_FILE = "Periodic TableTests/Periodic TableTests-Info.plist";
				PRODUCT_NAME = "$(TARGET_NAME)";
				TEST_HOST = "$(BUNDLE_LOADER)";
				WRAPPER_EXTENSION = xctest;
			};
			name = Debug;
		};
		E9C008A017D3495D006345CA /* Release */ = {
			isa = XCBuildConfiguration;
			buildSettings = {
				BUNDLE_LOADER = "$(BUILT_PRODUCTS_DIR)/Periodic Table.app/Periodic Table";
				FRAMEWORK_SEARCH_PATHS = (
					"$(SDKROOT)/Developer/Library/Frameworks",
					"$(inherited)",
					"$(DEVELOPER_FRAMEWORKS_DIR)",
				);
				GCC_PRECOMPILE_PREFIX_HEADER = YES;
				GCC_PREFIX_HEADER = "Periodic Table/Periodic Table-Prefix.pch";
				INFOPLIST_FILE = "Periodic TableTests/Periodic TableTests-Info.plist";
				PRODUCT_NAME = "$(TARGET_NAME)";
				TEST_HOST = "$(BUNDLE_LOADER)";
				WRAPPER_EXTENSION = xctest;
			};
			name = Release;
		};
/* End XCBuildConfiguration section */

/* Begin XCConfigurationList section */
		E9C0086417D3495C006345CA /* Build configuration list for PBXProject "Periodic Table" */ = {
			isa = XCConfigurationList;
			buildConfigurations = (
				E9C0089917D3495D006345CA /* Debug */,
				E9C0089A17D3495D006345CA /* Release */,
			);
			defaultConfigurationIsVisible = 0;
			defaultConfigurationName = Release;
		};
		E9C0089B17D3495D006345CA /* Build configuration list for PBXNativeTarget "Periodic Table" */ = {
			isa = XCConfigurationList;
			buildConfigurations = (
				E9C0089C17D3495D006345CA /* Debug */,
				E9C0089D17D3495D006345CA /* Release */,
			);
			defaultConfigurationIsVisible = 0;
			defaultConfigurationName = Release;
		};
		E9C0089E17D3495D006345CA /* Build configuration list for PBXNativeTarget "Periodic TableTests" */ = {
			isa = XCConfigurationList;
			buildConfigurations = (
				E9C0089F17D3495D006345CA /* Debug */,
				E9C008A017D3495D006345CA /* Release */,
			);
			defaultConfigurationIsVisible = 0;
			defaultConfigurationName = Release;
		};
/* End XCConfigurationList section */
	};
	rootObject = E9C0086117D3495C006345CA /* Project object */;
}
