// !$*UTF8*$!
{
	archiveVersion = 1;
	classes = {
	};
	objectVersion = 46;
	objects = {

/* Begin PBXBuildFile section */
		E9CD1C0F19F05B2200034087 /* ObjectiveGumbo.framework in Frameworks */ = {isa = PBXBuildFile; fileRef = E9CD1C0E19F05B2200034087 /* ObjectiveGumbo.framework */; };
		E9CD1C1019F05B2200034087 /* ObjectiveGumbo.framework in Embed Frameworks */ = {isa = PBXBuildFile; fileRef = E9CD1C0E19F05B2200034087 /* ObjectiveGumbo.framework */; settings = {ATTRIBUTES = (CodeSignOnCopy, RemoveHeadersOnCopy, ); }; };
		E9D81F6B19F0542C0012D908 /* AppDelegate.swift in Sources */ = {isa = PBXBuildFile; fileRef = E9D81F6A19F0542C0012D908 /* AppDelegate.swift */; };
		E9D81F6D19F0542C0012D908 /* ViewController.swift in Sources */ = {isa = PBXBuildFile; fileRef = E9D81F6C19F0542C0012D908 /* ViewController.swift */; };
		E9D81F7019F0542C0012D908 /* Main.storyboard in Resources */ = {isa = PBXBuildFile; fileRef = E9D81F6E19F0542C0012D908 /* Main.storyboard */; };
		E9D81F7219F0542C0012D908 /* Images.xcassets in Resources */ = {isa = PBXBuildFile; fileRef = E9D81F7119F0542C0012D908 /* Images.xcassets */; };
		E9D81F7519F0542C0012D908 /* LaunchScreen.xib in Resources */ = {isa = PBXBuildFile; fileRef = E9D81F7319F0542C0012D908 /* LaunchScreen.xib */; };
		E9D81F8119F0542C0012D908 /* iOS_DemoTests.swift in Sources */ = {isa = PBXBuildFile; fileRef = E9D81F8019F0542C0012D908 /* iOS_DemoTests.swift */; };
/* End PBXBuildFile section */

/* Begin PBXContainerItemProxy section */
		E9D81F7B19F0542C0012D908 /* PBXContainerItemProxy */ = {
			isa = PBXContainerItemProxy;
			containerPortal = E9D81F5D19F0542C0012D908 /* Project object */;
			proxyType = 1;
			remoteGlobalIDString = E9D81F6419F0542C0012D908;
			remoteInfo = "iOS Demo";
		};
/* End PBXContainerItemProxy section */

/* Begin PBXCopyFilesBuildPhase section */
		E9CD1BC919F059C300034087 /* Embed Frameworks */ = {
			isa = PBXCopyFilesBuildPhase;
			buildActionMask = 2147483647;
			dstPath = "";
			dstSubfolderSpec = 10;
			files = (
				E9CD1C1019F05B2200034087 /* ObjectiveGumbo.framework in Embed Frameworks */,
			);
			name = "Embed Frameworks";
			runOnlyForDeploymentPostprocessing = 0;
		};
/* End PBXCopyFilesBuildPhase section */

/* Begin PBXFileReference section */
		E9CD1C0E19F05B2200034087 /* ObjectiveGumbo.framework */ = {isa = PBXFileReference; explicitFileType = wrapper.framework; name = ObjectiveGumbo.framework; path = "/Users/thomas/Library/Developer/Xcode/DerivedData/ObjectiveGumbo-eephrswojqlqmbahjuknlfdcoqpk/Build/Products/Debug/ObjectiveGumbo.framework"; sourceTree = "<absolute>"; };
		E9D81F6519F0542C0012D908 /* iOS Demo.app */ = {isa = PBXFileReference; explicitFileType = wrapper.application; includeInIndex = 0; path = "iOS Demo.app"; sourceTree = BUILT_PRODUCTS_DIR; };
		E9D81F6919F0542C0012D908 /* Info.plist */ = {isa = PBXFileReference; lastKnownFileType = text.plist.xml; path = Info.plist; sourceTree = "<group>"; };
		E9D81F6A19F0542C0012D908 /* AppDelegate.swift */ = {isa = PBXFileReference; lastKnownFileType = sourcecode.swift; path = AppDelegate.swift; sourceTree = "<group>"; };
		E9D81F6C19F0542C0012D908 /* ViewController.swift */ = {isa = PBXFileReference; lastKnownFileType = sourcecode.swift; path = ViewController.swift; sourceTree = "<group>"; };
		E9D81F6F19F0542C0012D908 /* Base */ = {isa = PBXFileReference; lastKnownFileType = file.storyboard; name = Base; path = Base.lproj/Main.storyboard; sourceTree = "<group>"; };
		E9D81F7119F0542C0012D908 /* Images.xcassets */ = {isa = PBXFileReference; lastKnownFileType = folder.assetcatalog; path = Images.xcassets; sourceTree = "<group>"; };
		E9D81F7419F0542C0012D908 /* Base */ = {isa = PBXFileReference; lastKnownFileType = file.xib; name = Base; path = Base.lproj/LaunchScreen.xib; sourceTree = "<group>"; };
		E9D81F7A19F0542C0012D908 /* iOS DemoTests.xctest */ = {isa = PBXFileReference; explicitFileType = wrapper.cfbundle; includeInIndex = 0; path = "iOS DemoTests.xctest"; sourceTree = BUILT_PRODUCTS_DIR; };
		E9D81F7F19F0542C0012D908 /* Info.plist */ = {isa = PBXFileReference; lastKnownFileType = text.plist.xml; path = Info.plist; sourceTree = "<group>"; };
		E9D81F8019F0542C0012D908 /* iOS_DemoTests.swift */ = {isa = PBXFileReference; lastKnownFileType = sourcecode.swift; path = iOS_DemoTests.swift; sourceTree = "<group>"; };
/* End PBXFileReference section */

/* Begin PBXFrameworksBuildPhase section */
		E9D81F6219F0542C0012D908 /* Frameworks */ = {
			isa = PBXFrameworksBuildPhase;
			buildActionMask = 2147483647;
			files = (
				E9CD1C0F19F05B2200034087 /* ObjectiveGumbo.framework in Frameworks */,
			);
			runOnlyForDeploymentPostprocessing = 0;
		};
		E9D81F7719F0542C0012D908 /* Frameworks */ = {
			isa = PBXFrameworksBuildPhase;
			buildActionMask = 2147483647;
			files = (
			);
			runOnlyForDeploymentPostprocessing = 0;
		};
/* End PBXFrameworksBuildPhase section */

/* Begin PBXGroup section */
		E9D81F5C19F0542C0012D908 = {
			isa = PBXGroup;
			children = (
				E9CD1C0E19F05B2200034087 /* ObjectiveGumbo.framework */,
				E9D81F6719F0542C0012D908 /* iOS Demo */,
				E9D81F7D19F0542C0012D908 /* iOS DemoTests */,
				E9D81F6619F0542C0012D908 /* Products */,
			);
			sourceTree = "<group>";
		};
		E9D81F6619F0542C0012D908 /* Products */ = {
			isa = PBXGroup;
			children = (
				E9D81F6519F0542C0012D908 /* iOS Demo.app */,
				E9D81F7A19F0542C0012D908 /* iOS DemoTests.xctest */,
			);
			name = Products;
			sourceTree = "<group>";
		};
		E9D81F6719F0542C0012D908 /* iOS Demo */ = {
			isa = PBXGroup;
			children = (
				E9D81F6A19F0542C0012D908 /* AppDelegate.swift */,
				E9D81F6C19F0542C0012D908 /* ViewController.swift */,
				E9D81F6E19F0542C0012D908 /* Main.storyboard */,
				E9D81F7119F0542C0012D908 /* Images.xcassets */,
				E9D81F7319F0542C0012D908 /* LaunchScreen.xib */,
				E9D81F6819F0542C0012D908 /* Supporting Files */,
			);
			path = "iOS Demo";
			sourceTree = "<group>";
		};
		E9D81F6819F0542C0012D908 /* Supporting Files */ = {
			isa = PBXGroup;
			children = (
				E9D81F6919F0542C0012D908 /* Info.plist */,
			);
			name = "Supporting Files";
			sourceTree = "<group>";
		};
		E9D81F7D19F0542C0012D908 /* iOS DemoTests */ = {
			isa = PBXGroup;
			children = (
				E9D81F8019F0542C0012D908 /* iOS_DemoTests.swift */,
				E9D81F7E19F0542C0012D908 /* Supporting Files */,
			);
			path = "iOS DemoTests";
			sourceTree = "<group>";
		};
		E9D81F7E19F0542C0012D908 /* Supporting Files */ = {
			isa = PBXGroup;
			children = (
				E9D81F7F19F0542C0012D908 /* Info.plist */,
			);
			name = "Supporting Files";
			sourceTree = "<group>";
		};
/* End PBXGroup section */

/* Begin PBXNativeTarget section */
		E9D81F6419F0542C0012D908 /* iOS Demo */ = {
			isa = PBXNativeTarget;
			buildConfigurationList = E9D81F8419F0542C0012D908 /* Build configuration list for PBXNativeTarget "iOS Demo" */;
			buildPhases = (
				E9D81F6119F0542C0012D908 /* Sources */,
				E9D81F6219F0542C0012D908 /* Frameworks */,
				E9D81F6319F0542C0012D908 /* Resources */,
				E9CD1BC919F059C300034087 /* Embed Frameworks */,
			);
			buildRules = (
			);
			dependencies = (
			);
			name = "iOS Demo";
			productName = "iOS Demo";
			productReference = E9D81F6519F0542C0012D908 /* iOS Demo.app */;
			productType = "com.apple.product-type.application";
		};
		E9D81F7919F0542C0012D908 /* iOS DemoTests */ = {
			isa = PBXNativeTarget;
			buildConfigurationList = E9D81F8719F0542C0012D908 /* Build configuration list for PBXNativeTarget "iOS DemoTests" */;
			buildPhases = (
				E9D81F7619F0542C0012D908 /* Sources */,
				E9D81F7719F0542C0012D908 /* Frameworks */,
				E9D81F7819F0542C0012D908 /* Resources */,
			);
			buildRules = (
			);
			dependencies = (
				E9D81F7C19F0542C0012D908 /* PBXTargetDependency */,
			);
			name = "iOS DemoTests";
			productName = "iOS DemoTests";
			productReference = E9D81F7A19F0542C0012D908 /* iOS DemoTests.xctest */;
			productType = "com.apple.product-type.bundle.unit-test";
		};
/* End PBXNativeTarget section */

/* Begin PBXProject section */
		E9D81F5D19F0542C0012D908 /* Project object */ = {
			isa = PBXProject;
			attributes = {
				LastUpgradeCheck = 0600;
				ORGANIZATIONNAME = "Programming Thomas";
				TargetAttributes = {
					E9D81F6419F0542C0012D908 = {
						CreatedOnToolsVersion = 6.0;
						DevelopmentTeam = XT4Q76JCC4;
					};
					E9D81F7919F0542C0012D908 = {
						CreatedOnToolsVersion = 6.0;
						TestTargetID = E9D81F6419F0542C0012D908;
					};
				};
			};
			buildConfigurationList = E9D81F6019F0542C0012D908 /* Build configuration list for PBXProject "iOS Demo" */;
			compatibilityVersion = "Xcode 3.2";
			developmentRegion = English;
			hasScannedForEncodings = 0;
			knownRegions = (
				en,
				Base,
			);
			mainGroup = E9D81F5C19F0542C0012D908;
			productRefGroup = E9D81F6619F0542C0012D908 /* Products */;
			projectDirPath = "";
			projectRoot = "";
			targets = (
				E9D81F6419F0542C0012D908 /* iOS Demo */,
				E9D81F7919F0542C0012D908 /* iOS DemoTests */,
			);
		};
/* End PBXProject section */

/* Begin PBXResourcesBuildPhase section */
		E9D81F6319F0542C0012D908 /* Resources */ = {
			isa = PBXResourcesBuildPhase;
			buildActionMask = 2147483647;
			files = (
				E9D81F7019F0542C0012D908 /* Main.storyboard in Resources */,
				E9D81F7519F0542C0012D908 /* LaunchScreen.xib in Resources */,
				E9D81F7219F0542C0012D908 /* Images.xcassets in Resources */,
			);
			runOnlyForDeploymentPostprocessing = 0;
		};
		E9D81F7819F0542C0012D908 /* Resources */ = {
			isa = PBXResourcesBuildPhase;
			buildActionMask = 2147483647;
			files = (
			);
			runOnlyForDeploymentPostprocessing = 0;
		};
/* End PBXResourcesBuildPhase section */

/* Begin PBXSourcesBuildPhase section */
		E9D81F6119F0542C0012D908 /* Sources */ = {
			isa = PBXSourcesBuildPhase;
			buildActionMask = 2147483647;
			files = (
				E9D81F6D19F0542C0012D908 /* ViewController.swift in Sources */,
				E9D81F6B19F0542C0012D908 /* AppDelegate.swift in Sources */,
			);
			runOnlyForDeploymentPostprocessing = 0;
		};
		E9D81F7619F0542C0012D908 /* Sources */ = {
			isa = PBXSourcesBuildPhase;
			buildActionMask = 2147483647;
			files = (
				E9D81F8119F0542C0012D908 /* iOS_DemoTests.swift in Sources */,
			);
			runOnlyForDeploymentPostprocessing = 0;
		};
/* End PBXSourcesBuildPhase section */

/* Begin PBXTargetDependency section */
		E9D81F7C19F0542C0012D908 /* PBXTargetDependency */ = {
			isa = PBXTargetDependency;
			target = E9D81F6419F0542C0012D908 /* iOS Demo */;
			targetProxy = E9D81F7B19F0542C0012D908 /* PBXContainerItemProxy */;
		};
/* End PBXTargetDependency section */

/* Begin PBXVariantGroup section */
		E9D81F6E19F0542C0012D908 /* Main.storyboard */ = {
			isa = PBXVariantGroup;
			children = (
				E9D81F6F19F0542C0012D908 /* Base */,
			);
			name = Main.storyboard;
			sourceTree = "<group>";
		};
		E9D81F7319F0542C0012D908 /* LaunchScreen.xib */ = {
			isa = PBXVariantGroup;
			children = (
				E9D81F7419F0542C0012D908 /* Base */,
			);
			name = LaunchScreen.xib;
			sourceTree = "<group>";
		};
/* End PBXVariantGroup section */

/* Begin XCBuildConfiguration section */
		E9D81F8219F0542C0012D908 /* Debug */ = {
			isa = XCBuildConfiguration;
			buildSettings = {
				ALWAYS_SEARCH_USER_PATHS = NO;
				CLANG_CXX_LANGUAGE_STANDARD = "gnu++0x";
				CLANG_CXX_LIBRARY = "libc++";
				CLANG_ENABLE_MODULES = YES;
				CLANG_ENABLE_OBJC_ARC = YES;
				CLANG_WARN_BOOL_CONVERSION = YES;
				CLANG_WARN_CONSTANT_CONVERSION = YES;
				CLANG_WARN_DIRECT_OBJC_ISA_USAGE = YES_ERROR;
				CLANG_WARN_EMPTY_BODY = YES;
				CLANG_WARN_ENUM_CONVERSION = YES;
				CLANG_WARN_INT_CONVERSION = YES;
				CLANG_WARN_OBJC_ROOT_CLASS = YES_ERROR;
				CLANG_WARN_UNREACHABLE_CODE = YES;
				CLANG_WARN__DUPLICATE_METHOD_MATCH = YES;
				"CODE_SIGN_IDENTITY[sdk=iphoneos*]" = "iPhone Developer";
				COPY_PHASE_STRIP = NO;
				ENABLE_STRICT_OBJC_MSGSEND = YES;
				GCC_C_LANGUAGE_STANDARD = gnu99;
				GCC_DYNAMIC_NO_PIC = NO;
				GCC_OPTIMIZATION_LEVEL = 0;
				GCC_PREPROCESSOR_DEFINITIONS = (
					"DEBUG=1",
					"$(inherited)",
				);
				GCC_SYMBOLS_PRIVATE_EXTERN = NO;
				GCC_WARN_64_TO_32_BIT_CONVERSION = YES;
				GCC_WARN_ABOUT_RETURN_TYPE = YES_ERROR;
				GCC_WARN_UNDECLARED_SELECTOR = YES;
				GCC_WARN_UNINITIALIZED_AUTOS = YES_AGGRESSIVE;
				GCC_WARN_UNUSED_FUNCTION = YES;
				GCC_WARN_UNUSED_VARIABLE = YES;
				IPHONEOS_DEPLOYMENT_TARGET = 8.0;
				MTL_ENABLE_DEBUG_INFO = YES;
				ONLY_ACTIVE_ARCH = YES;
				SDKROOT = iphoneos;
				SWIFT_OPTIMIZATION_LEVEL = "-Onone";
				TARGETED_DEVICE_FAMILY = "1,2";
			};
			name = Debug;
		};
		E9D81F8319F0542C0012D908 /* Release */ = {
			isa = XCBuildConfiguration;
			buildSettings = {
				ALWAYS_SEARCH_USER_PATHS = NO;
				CLANG_CXX_LANGUAGE_STANDARD = "gnu++0x";
				CLANG_CXX_LIBRARY = "libc++";
				CLANG_ENABLE_MODULES = YES;
				CLANG_ENABLE_OBJC_ARC = YES;
				CLANG_WARN_BOOL_CONVERSION = YES;
				CLANG_WARN_CONSTANT_CONVERSION = YES;
				CLANG_WARN_DIRECT_OBJC_ISA_USAGE = YES_ERROR;
				CLANG_WARN_EMPTY_BODY = YES;
				CLANG_WARN_ENUM_CONVERSION = YES;
				CLANG_WARN_INT_CONVERSION = YES;
				CLANG_WARN_OBJC_ROOT_CLASS = YES_ERROR;
				CLANG_WARN_UNREACHABLE_CODE = YES;
				CLANG_WARN__DUPLICATE_METHOD_MATCH = YES;
				"CODE_SIGN_IDENTITY[sdk=iphoneos*]" = "iPhone Developer";
				COPY_PHASE_STRIP = YES;
				ENABLE_NS_ASSERTIONS = NO;
				ENABLE_STRICT_OBJC_MSGSEND = YES;
				GCC_C_LANGUAGE_STANDARD = gnu99;
				GCC_WARN_64_TO_32_BIT_CONVERSION = YES;
				GCC_WARN_ABOUT_RETURN_TYPE = YES_ERROR;
				GCC_WARN_UNDECLARED_SELECTOR = YES;
				GCC_WARN_UNINITIALIZED_AUTOS = YES_AGGRESSIVE;
				GCC_WARN_UNUSED_FUNCTION = YES;
				GCC_WARN_UNUSED_VARIABLE = YES;
				IPHONEOS_DEPLOYMENT_TARGET = 8.0;
				MTL_ENABLE_DEBUG_INFO = NO;
				SDKROOT = iphoneos;
				TARGETED_DEVICE_FAMILY = "1,2";
				VALIDATE_PRODUCT = YES;
			};
			name = Release;
		};
		E9D81F8519F0542C0012D908 /* Debug */ = {
			isa = XCBuildConfiguration;
			buildSettings = {
				ASSETCATALOG_COMPILER_APPICON_NAME = AppIcon;
				CODE_SIGN_IDENTITY = "iPhone Developer";
				FRAMEWORK_SEARCH_PATHS = (
					"$(inherited)",
					"$(USER_LIBRARY_DIR)/Developer/Xcode/DerivedData/ObjectiveGumbo-dinzxluvvyobzzezniblvmdxvvcj/Build/Products/Debug",
					"$(USER_LIBRARY_DIR)/Developer/Xcode/DerivedData/ObjectiveGumbo-eephrswojqlqmbahjuknlfdcoqpk/Build/Products/Debug",
				);
				INFOPLIST_FILE = "iOS Demo/Info.plist";
				LD_RUNPATH_SEARCH_PATHS = "$(inherited) @executable_path/Frameworks";
				PRODUCT_NAME = "$(TARGET_NAME)";
			};
			name = Debug;
		};
		E9D81F8619F0542C0012D908 /* Release */ = {
			isa = XCBuildConfiguration;
			buildSettings = {
				ASSETCATALOG_COMPILER_APPICON_NAME = AppIcon;
				CODE_SIGN_IDENTITY = "iPhone Developer";
				FRAMEWORK_SEARCH_PATHS = (
					"$(inherited)",
					"$(USER_LIBRARY_DIR)/Developer/Xcode/DerivedData/ObjectiveGumbo-dinzxluvvyobzzezniblvmdxvvcj/Build/Products/Debug",
					"$(USER_LIBRARY_DIR)/Developer/Xcode/DerivedData/ObjectiveGumbo-eephrswojqlqmbahjuknlfdcoqpk/Build/Products/Debug",
				);
				INFOPLIST_FILE = "iOS Demo/Info.plist";
				LD_RUNPATH_SEARCH_PATHS = "$(inherited) @executable_path/Frameworks";
				PRODUCT_NAME = "$(TARGET_NAME)";
			};
			name = Release;
		};
		E9D81F8819F0542C0012D908 /* Debug */ = {
			isa = XCBuildConfiguration;
			buildSettings = {
				BUNDLE_LOADER = "$(TEST_HOST)";
				FRAMEWORK_SEARCH_PATHS = (
					"$(SDKROOT)/Developer/Library/Frameworks",
					"$(inherited)",
				);
				GCC_PREPROCESSOR_DEFINITIONS = (
					"DEBUG=1",
					"$(inherited)",
				);
				INFOPLIST_FILE = "iOS DemoTests/Info.plist";
				LD_RUNPATH_SEARCH_PATHS = "$(inherited) @executable_path/Frameworks @loader_path/Frameworks";
				PRODUCT_NAME = "$(TARGET_NAME)";
				TEST_HOST = "$(BUILT_PRODUCTS_DIR)/iOS Demo.app/iOS Demo";
			};
			name = Debug;
		};
		E9D81F8919F0542C0012D908 /* Release */ = {
			isa = XCBuildConfiguration;
			buildSettings = {
				BUNDLE_LOADER = "$(TEST_HOST)";
				FRAMEWORK_SEARCH_PATHS = (
					"$(SDKROOT)/Developer/Library/Frameworks",
					"$(inherited)",
				);
				INFOPLIST_FILE = "iOS DemoTests/Info.plist";
				LD_RUNPATH_SEARCH_PATHS = "$(inherited) @executable_path/Frameworks @loader_path/Frameworks";
				PRODUCT_NAME = "$(TARGET_NAME)";
				TEST_HOST = "$(BUILT_PRODUCTS_DIR)/iOS Demo.app/iOS Demo";
			};
			name = Release;
		};
/* End XCBuildConfiguration section */

/* Begin XCConfigurationList section */
		E9D81F6019F0542C0012D908 /* Build configuration list for PBXProject "iOS Demo" */ = {
			isa = XCConfigurationList;
			buildConfigurations = (
				E9D81F8219F0542C0012D908 /* Debug */,
				E9D81F8319F0542C0012D908 /* Release */,
			);
			defaultConfigurationIsVisible = 0;
			defaultConfigurationName = Release;
		};
		E9D81F8419F0542C0012D908 /* Build configuration list for PBXNativeTarget "iOS Demo" */ = {
			isa = XCConfigurationList;
			buildConfigurations = (
				E9D81F8519F0542C0012D908 /* Debug */,
				E9D81F8619F0542C0012D908 /* Release */,
			);
			defaultConfigurationIsVisible = 0;
			defaultConfigurationName = Release;
		};
		E9D81F8719F0542C0012D908 /* Build configuration list for PBXNativeTarget "iOS DemoTests" */ = {
			isa = XCConfigurationList;
			buildConfigurations = (
				E9D81F8819F0542C0012D908 /* Debug */,
				E9D81F8919F0542C0012D908 /* Release */,
			);
			defaultConfigurationIsVisible = 0;
			defaultConfigurationName = Release;
		};
/* End XCConfigurationList section */
	};
	rootObject = E9D81F5D19F0542C0012D908 /* Project object */;
}
